// !$*UTF8*$!
{
	archiveVersion = 1;
	classes = {
	};
	objectVersion = 46;
	objects = {

/* Begin PBXAggregateTarget section */
		61AAB3AAA45EF394EB1F36B7 /* ALL_BUILD */ = {
			isa = PBXAggregateTarget;
			buildConfigurationList = 7DAD4147148F43418B084B70 /* Build configuration list for PBXAggregateTarget "ALL_BUILD" */;
			buildPhases = (
				00D0B65D82438ECA64F5D283 /* Generate CMakeFiles/ALL_BUILD */,
			);
			dependencies = (
				615ADEBD70B64C81A6B5383D /* PBXTargetDependency */,
				C1368AF9BC9F4E5695FD1FB2 /* PBXTargetDependency */,
				C782A92022414AD7B80A1213 /* PBXTargetDependency */,
				51AD2E59E4884490BD7B6A84 /* PBXTargetDependency */,
			);
			name = ALL_BUILD;
			productName = ALL_BUILD;
		};
		DE698A9E96F6F95498E119A1 /* ZERO_CHECK */ = {
			isa = PBXAggregateTarget;
			buildConfigurationList = 44B081BDDD1D4860A7123577 /* Build configuration list for PBXAggregateTarget "ZERO_CHECK" */;
			buildPhases = (
				FCB0ACEE51BC5DC8AC271CF9 /* Generate CMakeFiles/ZERO_CHECK */,
			);
			dependencies = (
			);
			name = ZERO_CHECK;
			productName = ZERO_CHECK;
		};
/* End PBXAggregateTarget section */

/* Begin PBXBuildFile section */
		0176354DE35E4953A4124347 /* /Users/hikaritsai/JS_Inflator/vst3sdk/public.sdk/source/vst/utility/stringconvert.cpp */ = {isa = PBXBuildFile; fileRef = 0BCBA02399DA44B1A5EC7694 /* /Users/hikaritsai/JS_Inflator/vst3sdk/public.sdk/source/vst/utility/stringconvert.cpp */; };
		03D884D1965B427CA1B3F528 /* /Users/hikaritsai/JS_Inflator/vst3sdk/public.sdk/source/vst/hosting/processdata.cpp */ = {isa = PBXBuildFile; fileRef = 1D5E2CB99A4A4CECA52EDB0E /* /Users/hikaritsai/JS_Inflator/vst3sdk/public.sdk/source/vst/hosting/processdata.cpp */; };
		0427C2B2BA1947CFB66736C9 /* /Users/hikaritsai/JS_Inflator/vst3sdk/public.sdk/source/vst/vstinitiids.cpp */ = {isa = PBXBuildFile; fileRef = C84C707E354B4D97839220D6 /* /Users/hikaritsai/JS_Inflator/vst3sdk/public.sdk/source/vst/vstinitiids.cpp */; };
		061D8075598F40A093A08801 /* /Users/hikaritsai/JS_Inflator/vst3sdk/public.sdk/source/main/pluginfactory_constexpr.h */ = {isa = PBXBuildFile; fileRef = 24146A64942340BD83F4E4D0 /* /Users/hikaritsai/JS_Inflator/vst3sdk/public.sdk/source/main/pluginfactory_constexpr.h */; };
		08984875937F4F13972378ED /* /Users/hikaritsai/JS_Inflator/vst3sdk/public.sdk/source/vst/hosting/eventlist.cpp */ = {isa = PBXBuildFile; fileRef = C28747170C63405D81D1CAEF /* /Users/hikaritsai/JS_Inflator/vst3sdk/public.sdk/source/vst/hosting/eventlist.cpp */; };
		0A4E3753C80A4E68AC6F4D9C /* /Users/hikaritsai/JS_Inflator/vst3sdk/public.sdk/source/common/threadchecker_win32.cpp */ = {isa = PBXBuildFile; fileRef = 7F1735F4474F472FB2519CFC /* /Users/hikaritsai/JS_Inflator/vst3sdk/public.sdk/source/common/threadchecker_win32.cpp */; };
		0D205010B235484191B856EF /* /Users/hikaritsai/JS_Inflator/vst3sdk/public.sdk/source/vst/vstaudioeffect.cpp */ = {isa = PBXBuildFile; fileRef = 9F6A5F26227C4D9D962F9056 /* /Users/hikaritsai/JS_Inflator/vst3sdk/public.sdk/source/vst/vstaudioeffect.cpp */; };
		10379FAD714F41C08DDEBD0F /* /Users/hikaritsai/JS_Inflator/vst3sdk/public.sdk/source/vst/vstnoteexpressiontypes.cpp */ = {isa = PBXBuildFile; fileRef = 9B609488602D4903952094CD /* /Users/hikaritsai/JS_Inflator/vst3sdk/public.sdk/source/vst/vstnoteexpressiontypes.cpp */; };
		10F6E74EC8CB4FEABB633E15 /* /Users/hikaritsai/JS_Inflator/vst3sdk/public.sdk/source/vst/utility/rttransfer.h */ = {isa = PBXBuildFile; fileRef = 05AE5F7053CE4E1AAF81A658 /* /Users/hikaritsai/JS_Inflator/vst3sdk/public.sdk/source/vst/utility/rttransfer.h */; };
		1565EF8E79474445AC21EB0D /* /Users/hikaritsai/JS_Inflator/vst3sdk/public.sdk/source/common/systemclipboard_win32.cpp */ = {isa = PBXBuildFile; fileRef = EA155DA3BCAD4F6FAAFC4C1D /* /Users/hikaritsai/JS_Inflator/vst3sdk/public.sdk/source/common/systemclipboard_win32.cpp */; };
		1989A439539544E9A7308AED /* /Users/hikaritsai/JS_Inflator/vst3sdk/public.sdk/source/vst/hosting/module.h */ = {isa = PBXBuildFile; fileRef = 8651484317B24AE8B173A9DB /* /Users/hikaritsai/JS_Inflator/vst3sdk/public.sdk/source/vst/hosting/module.h */; };
		1BA087394E76426888DEFCB6 /* /Users/hikaritsai/JS_Inflator/vst3sdk/public.sdk/source/vst/vstcomponentbase.h */ = {isa = PBXBuildFile; fileRef = B6CA93CE546444CE835083BB /* /Users/hikaritsai/JS_Inflator/vst3sdk/public.sdk/source/vst/vstcomponentbase.h */; };
		23CF13BB566F41729A9CCE5D /* /Users/hikaritsai/JS_Inflator/vst3sdk/public.sdk/source/vst/utility/systemtime.h */ = {isa = PBXBuildFile; fileRef = 6EE06F328B6C4583B3F690F2 /* /Users/hikaritsai/JS_Inflator/vst3sdk/public.sdk/source/vst/utility/systemtime.h */; };
		24CE7695C75445CAB45B9ADB /* /Users/hikaritsai/JS_Inflator/vst3sdk/public.sdk/source/vst/vstaudioeffect.h */ = {isa = PBXBuildFile; fileRef = 8D297984D2D74044A67BCCE3 /* /Users/hikaritsai/JS_Inflator/vst3sdk/public.sdk/source/vst/vstaudioeffect.h */; };
		27515D73850B44F7A46A0315 /* /Users/hikaritsai/JS_Inflator/vst3sdk/public.sdk/source/vst/hosting/eventlist.h */ = {isa = PBXBuildFile; fileRef = AEB8594B88464C5EAAE02A10 /* /Users/hikaritsai/JS_Inflator/vst3sdk/public.sdk/source/vst/hosting/eventlist.h */; };
		28CB0A476D2644A688CEB05B /* /Users/hikaritsai/JS_Inflator/vst3sdk/public.sdk/source/common/openurl.h */ = {isa = PBXBuildFile; fileRef = 4DF9FE1E330547D382D8B5E7 /* /Users/hikaritsai/JS_Inflator/vst3sdk/public.sdk/source/common/openurl.h */; };
		28DCB12390814E2B8477A9AC /* /Users/hikaritsai/JS_Inflator/vst3sdk/public.sdk/CMakeLists.txt */ = {isa = PBXBuildFile; fileRef = A4BCB3F5F12B4457A58A3F1C /* /Users/hikaritsai/JS_Inflator/vst3sdk/public.sdk/CMakeLists.txt */; };
		2A9D22E08E5C48F389E37902 /* /Users/hikaritsai/JS_Inflator/vst3sdk/public.sdk/source/vst/vstbypassprocessor.h */ = {isa = PBXBuildFile; fileRef = 3CA3D11D00294DB39CDBE0FF /* /Users/hikaritsai/JS_Inflator/vst3sdk/public.sdk/source/vst/vstbypassprocessor.h */; };
		2F174620CADC48D2AC29A0AC /* /Users/hikaritsai/JS_Inflator/vst3sdk/public.sdk/source/vst/vstcomponentbase.cpp */ = {isa = PBXBuildFile; fileRef = 1AD525E0823A4FF9A185F21C /* /Users/hikaritsai/JS_Inflator/vst3sdk/public.sdk/source/vst/vstcomponentbase.cpp */; };
		314E78A401A34AD1AB433D78 /* /Users/hikaritsai/JS_Inflator/vst3sdk/public.sdk/source/main/pluginfactory.h */ = {isa = PBXBuildFile; fileRef = 8A11B3B2072147B1A8D22CFD /* /Users/hikaritsai/JS_Inflator/vst3sdk/public.sdk/source/main/pluginfactory.h */; };
		32198DE1A51A480280CD8B50 /* /Users/hikaritsai/JS_Inflator/vst3sdk/public.sdk/source/vst/utility/dataexchange.cpp */ = {isa = PBXBuildFile; fileRef = 059609D529184015BA14C9B0 /* /Users/hikaritsai/JS_Inflator/vst3sdk/public.sdk/source/vst/utility/dataexchange.cpp */; };
		334BC5D706984E5C84B144AA /* /Users/hikaritsai/JS_Inflator/vst3sdk/public.sdk/source/vst/utility/optional.h */ = {isa = PBXBuildFile; fileRef = C246A6AC8CB247D7A91AA603 /* /Users/hikaritsai/JS_Inflator/vst3sdk/public.sdk/source/vst/utility/optional.h */; };
		3ADE471C535047099E1A70F9 /* /Users/hikaritsai/JS_Inflator/vst3sdk/public.sdk/source/common/systemclipboard_mac.mm */ = {isa = PBXBuildFile; fileRef = C0752C94C1EE4BD3BBB9796C /* /Users/hikaritsai/JS_Inflator/vst3sdk/public.sdk/source/common/systemclipboard_mac.mm */; };
		404CA306880649289506DB07 /* /Users/hikaritsai/JS_Inflator/vst3sdk/public.sdk/source/vst/utility/versionparser.h */ = {isa = PBXBuildFile; fileRef = 37FFAB03807A49AFAD6D04E9 /* /Users/hikaritsai/JS_Inflator/vst3sdk/public.sdk/source/vst/utility/versionparser.h */; };
		47E3F09F77054AA0A3136283 /* /Users/hikaritsai/JS_Inflator/vst3sdk/public.sdk/source/vst/utility/systemtime.cpp */ = {isa = PBXBuildFile; fileRef = 2CA08A3723C64DA1B94CD1D5 /* /Users/hikaritsai/JS_Inflator/vst3sdk/public.sdk/source/vst/utility/systemtime.cpp */; };
		48BD155AFCB2415BB12FB3FC /* /Users/hikaritsai/JS_Inflator/vst3sdk/public.sdk/CMakeLists.txt */ = {isa = PBXBuildFile; fileRef = 1B7079CA4E4840699CF5379D /* /Users/hikaritsai/JS_Inflator/vst3sdk/public.sdk/CMakeLists.txt */; };
		4D875F097A554F978C5C4FC1 /* /Users/hikaritsai/JS_Inflator/vst3sdk/public.sdk/source/vst/hosting/pluginterfacesupport.cpp */ = {isa = PBXBuildFile; fileRef = 7DD93F3B3F6D4533BC3FD16D /* /Users/hikaritsai/JS_Inflator/vst3sdk/public.sdk/source/vst/hosting/pluginterfacesupport.cpp */; };
		4EB300E7E7FB4C90A8D7B0A0 /* /Users/hikaritsai/JS_Inflator/vst3sdk/public.sdk/CMakeLists.txt */ = {isa = PBXBuildFile; fileRef = 0AF6E3837F3E45D9ADC1E872 /* /Users/hikaritsai/JS_Inflator/vst3sdk/public.sdk/CMakeLists.txt */; };
		506784DA99B14F838D32C2B9 /* /Users/hikaritsai/JS_Inflator/vst3sdk/public.sdk/source/vst/utility/stringconvert.h */ = {isa = PBXBuildFile; fileRef = 460C698BDCB746DC93FDB19F /* /Users/hikaritsai/JS_Inflator/vst3sdk/public.sdk/source/vst/utility/stringconvert.h */; };
		54F5AC2C95EA4494A4FD2636 /* /Users/hikaritsai/JS_Inflator/vst3sdk/public.sdk/source/vst/utility/uid.h */ = {isa = PBXBuildFile; fileRef = 10781E0A87C040B39657B39C /* /Users/hikaritsai/JS_Inflator/vst3sdk/public.sdk/source/vst/utility/uid.h */; };
		55C91A81C3EB41C8B6477CC3 /* /Users/hikaritsai/JS_Inflator/vst3sdk/public.sdk/source/vst/hosting/hostclasses.h */ = {isa = PBXBuildFile; fileRef = 7F18A09506E34A288969E39C /* /Users/hikaritsai/JS_Inflator/vst3sdk/public.sdk/source/vst/hosting/hostclasses.h */; };
		56E05D4E40BD4A50A6A180B6 /* /Users/hikaritsai/JS_Inflator/vst3sdk/public.sdk/source/vst/utility/ringbuffer.h */ = {isa = PBXBuildFile; fileRef = 876A903D42594350A3693558 /* /Users/hikaritsai/JS_Inflator/vst3sdk/public.sdk/source/vst/utility/ringbuffer.h */; };
		5E160D4F82D84C51A97D60DD /* /Users/hikaritsai/JS_Inflator/vst3sdk/public.sdk/source/vst/hosting/connectionproxy.cpp */ = {isa = PBXBuildFile; fileRef = CD9E9DAC6E6C49C4856E2D93 /* /Users/hikaritsai/JS_Inflator/vst3sdk/public.sdk/source/vst/hosting/connectionproxy.cpp */; };
		65413D3323F4484185D28D67 /* /Users/hikaritsai/JS_Inflator/vst3sdk/public.sdk/source/vst/vsteditcontroller.cpp */ = {isa = PBXBuildFile; fileRef = 4B2413D62D884E64BC24EB4C /* /Users/hikaritsai/JS_Inflator/vst3sdk/public.sdk/source/vst/vsteditcontroller.cpp */; };
		6601BB871C8F492AA68368E5 /* /Users/hikaritsai/JS_Inflator/vst3sdk/public.sdk/source/main/moduleinit.h */ = {isa = PBXBuildFile; fileRef = 739A90B329244479BCA57C4E /* /Users/hikaritsai/JS_Inflator/vst3sdk/public.sdk/source/main/moduleinit.h */; };
		67979AD93D1E4EB1844C1E09 /* /Users/hikaritsai/JS_Inflator/vst3sdk/public.sdk/source/vst/vstinitiids.cpp */ = {isa = PBXBuildFile; fileRef = BCBED2AE9C994C8787EBC901 /* /Users/hikaritsai/JS_Inflator/vst3sdk/public.sdk/source/vst/vstinitiids.cpp */; };
		6C2685EF44D84BEF911E2BFC /* /Users/hikaritsai/JS_Inflator/vst3sdk/public.sdk/source/vst/vsteventshelper.h */ = {isa = PBXBuildFile; fileRef = 9A03107622B1488A9911AE65 /* /Users/hikaritsai/JS_Inflator/vst3sdk/public.sdk/source/vst/vsteventshelper.h */; };
		73F51F706C684817B3651EA8 /* /Users/hikaritsai/JS_Inflator/vst3sdk/public.sdk/source/common/readfile.h */ = {isa = PBXBuildFile; fileRef = 69FE07C5C84941E0A8689EBF /* /Users/hikaritsai/JS_Inflator/vst3sdk/public.sdk/source/common/readfile.h */; };
		74C7AEB502A7472E880D8374 /* /Users/hikaritsai/JS_Inflator/vst3sdk/public.sdk/source/vst/utility/testing.h */ = {isa = PBXBuildFile; fileRef = C858CDB2720340AFBCAF009F /* /Users/hikaritsai/JS_Inflator/vst3sdk/public.sdk/source/vst/utility/testing.h */; };
		76D5E7AD213B42249DBA8081 /* /Users/hikaritsai/JS_Inflator/vst3sdk/public.sdk/source/vst/utility/vst2persistence.h */ = {isa = PBXBuildFile; fileRef = 75D4386D80524E909B5519D7 /* /Users/hikaritsai/JS_Inflator/vst3sdk/public.sdk/source/vst/utility/vst2persistence.h */; };
		7D54916A2D284C44BC44D8D0 /* /Users/hikaritsai/JS_Inflator/vst3sdk/public.sdk/source/common/readfile.cpp */ = {isa = PBXBuildFile; fileRef = D17488016FDC4A5B842C52F4 /* /Users/hikaritsai/JS_Inflator/vst3sdk/public.sdk/source/common/readfile.cpp */; };
		8631BB14A4194590997C053E /* /Users/hikaritsai/JS_Inflator/vst3sdk/public.sdk/source/vst/vstrepresentation.h */ = {isa = PBXBuildFile; fileRef = BE0E300C597A4681AD28611D /* /Users/hikaritsai/JS_Inflator/vst3sdk/public.sdk/source/vst/vstrepresentation.h */; };
		8AE8DE6D0DA64DD292F1230F /* /Users/hikaritsai/JS_Inflator/vst3sdk/public.sdk/source/vst/vsthelpers.h */ = {isa = PBXBuildFile; fileRef = 323C34B19C1748CE83D3102C /* /Users/hikaritsai/JS_Inflator/vst3sdk/public.sdk/source/vst/vsthelpers.h */; };
		942313F69EFC4F7283CE123A /* /Users/hikaritsai/JS_Inflator/vst3sdk/public.sdk/source/vst/utility/testing.cpp */ = {isa = PBXBuildFile; fileRef = F51C8D93C11E4CE3B84CA212 /* /Users/hikaritsai/JS_Inflator/vst3sdk/public.sdk/source/vst/utility/testing.cpp */; };
		954BBC9B1D374DF785C7F794 /* /Users/hikaritsai/JS_Inflator/vst3sdk/public.sdk/source/vst/vstbus.h */ = {isa = PBXBuildFile; fileRef = 17A13CBB806746AD88099E0D /* /Users/hikaritsai/JS_Inflator/vst3sdk/public.sdk/source/vst/vstbus.h */; };
		95F7523A25304F4C85F84AE6 /* /Users/hikaritsai/JS_Inflator/vst3sdk/public.sdk/source/common/commonstringconvert.h */ = {isa = PBXBuildFile; fileRef = B65728A9C4144D80998E7C18 /* /Users/hikaritsai/JS_Inflator/vst3sdk/public.sdk/source/common/commonstringconvert.h */; };
		98868F0CD6D4483186EBF497 /* /Users/hikaritsai/JS_Inflator/vst3sdk/public.sdk/source/vst/hosting/processdata.h */ = {isa = PBXBuildFile; fileRef = 49C22270235F482B876B117B /* /Users/hikaritsai/JS_Inflator/vst3sdk/public.sdk/source/vst/hosting/processdata.h */; };
		99CA31DBEA904609B520991A /* /Users/hikaritsai/JS_Inflator/vst3sdk/public.sdk/source/vst/vstrepresentation.cpp */ = {isa = PBXBuildFile; fileRef = FE51349015D64C82BFA53261 /* /Users/hikaritsai/JS_Inflator/vst3sdk/public.sdk/source/vst/vstrepresentation.cpp */; };
		9B5325C4C3DB4235B2B18EA4 /* /Users/hikaritsai/JS_Inflator/vst3sdk/public.sdk/source/vst/utility/alignedalloc.h */ = {isa = PBXBuildFile; fileRef = DC57650A2F214FC4A147CEC8 /* /Users/hikaritsai/JS_Inflator/vst3sdk/public.sdk/source/vst/utility/alignedalloc.h */; };
		9E86FE1FA87D404E9CAB7D5B /* /Users/hikaritsai/JS_Inflator/vst3sdk/public.sdk/source/main/pluginfactory.cpp */ = {isa = PBXBuildFile; fileRef = 9BC540947E624D01A048D695 /* /Users/hikaritsai/JS_Inflator/vst3sdk/public.sdk/source/main/pluginfactory.cpp */; };
		A1E13D570CB94E59956FC504 /* /Users/hikaritsai/JS_Inflator/vst3sdk/public.sdk/source/common/systemclipboard.h */ = {isa = PBXBuildFile; fileRef = 27518AF21C3E4FECBEB40B78 /* /Users/hikaritsai/JS_Inflator/vst3sdk/public.sdk/source/common/systemclipboard.h */; };
		A51FDA270E634E51B9A1B104 /* /Users/hikaritsai/JS_Inflator/vst3sdk/public.sdk/source/vst/utility/dataexchange.h */ = {isa = PBXBuildFile; fileRef = 6289597D885545D4BDE22BE2 /* /Users/hikaritsai/JS_Inflator/vst3sdk/public.sdk/source/vst/utility/dataexchange.h */; };
		A5EA385076DF4EFC981FA21A /* /Users/hikaritsai/JS_Inflator/vst3sdk/public.sdk/source/vst/vstpresetfile.cpp */ = {isa = PBXBuildFile; fileRef = CDD0FFCD56DF407B808BA97F /* /Users/hikaritsai/JS_Inflator/vst3sdk/public.sdk/source/vst/vstpresetfile.cpp */; };
		A71C7D18272548FF94C03878 /* /Users/hikaritsai/JS_Inflator/vst3sdk/public.sdk/source/main/moduleinit.cpp */ = {isa = PBXBuildFile; fileRef = 94F4026B3FF049EDB9BC3C48 /* /Users/hikaritsai/JS_Inflator/vst3sdk/public.sdk/source/main/moduleinit.cpp */; };
		A9946BB59DD34B1A84E363F8 /* /Users/hikaritsai/JS_Inflator/vst3sdk/public.sdk/source/vst/utility/memoryibstream.h */ = {isa = PBXBuildFile; fileRef = 84B9612810884F77B45C17B1 /* /Users/hikaritsai/JS_Inflator/vst3sdk/public.sdk/source/vst/utility/memoryibstream.h */; };
		A9A9AC1B78894CBD8243C16A /* /Users/hikaritsai/JS_Inflator/vst3sdk/public.sdk/source/common/threadchecker.h */ = {isa = PBXBuildFile; fileRef = 046D78AC23E14295A93F3D17 /* /Users/hikaritsai/JS_Inflator/vst3sdk/public.sdk/source/common/threadchecker.h */; };
		AD46408B1E2142AAA7CBCBF5 /* /Users/hikaritsai/JS_Inflator/vst3sdk/public.sdk/source/common/pluginview.cpp */ = {isa = PBXBuildFile; fileRef = 5325633AF015478E83A37F5A /* /Users/hikaritsai/JS_Inflator/vst3sdk/public.sdk/source/common/pluginview.cpp */; };
		AE1BE3EABB534117BB23F77F /* /Users/hikaritsai/JS_Inflator/vst3sdk/public.sdk/source/vst/hosting/connectionproxy.h */ = {isa = PBXBuildFile; fileRef = 7E647F0DB3704F82A907F0E8 /* /Users/hikaritsai/JS_Inflator/vst3sdk/public.sdk/source/vst/hosting/connectionproxy.h */; };
		B02F2ACDB2A44B44A96AF144 /* /Users/hikaritsai/JS_Inflator/vst3sdk/public.sdk/source/vst/vstparameters.cpp */ = {isa = PBXBuildFile; fileRef = 04A34F182A3A4910BDCDB60D /* /Users/hikaritsai/JS_Inflator/vst3sdk/public.sdk/source/vst/vstparameters.cpp */; };
		B786855871A2466DB81C3F97 /* /Users/hikaritsai/JS_Inflator/vst3sdk/public.sdk/source/vst/utility/vst2persistence.cpp */ = {isa = PBXBuildFile; fileRef = 5DA234354308492A8EE22BDA /* /Users/hikaritsai/JS_Inflator/vst3sdk/public.sdk/source/vst/utility/vst2persistence.cpp */; };
		B91F3E72C7194FA1A790B4DD /* /Users/hikaritsai/JS_Inflator/vst3sdk/public.sdk/source/vst/vstnoteexpressiontypes.h */ = {isa = PBXBuildFile; fileRef = E0B1C0C2D9954D1490414D84 /* /Users/hikaritsai/JS_Inflator/vst3sdk/public.sdk/source/vst/vstnoteexpressiontypes.h */; };
		BBFC925769924B82B3E0CFF3 /* /Users/hikaritsai/JS_Inflator/vst3sdk/public.sdk/source/vst/utility/processcontextrequirements.h */ = {isa = PBXBuildFile; fileRef = 6253232911DA4767887BFFD9 /* /Users/hikaritsai/JS_Inflator/vst3sdk/public.sdk/source/vst/utility/processcontextrequirements.h */; };
		C31C6134D575442A85DF554E /* /Users/hikaritsai/JS_Inflator/vst3sdk/public.sdk/source/vst/vsteditcontroller.h */ = {isa = PBXBuildFile; fileRef = DFFF3817E81D4089ABEA8959 /* /Users/hikaritsai/JS_Inflator/vst3sdk/public.sdk/source/vst/vsteditcontroller.h */; };
		C57CC8D659E349F289B060A7 /* /Users/hikaritsai/JS_Inflator/vst3sdk/public.sdk/source/vst/vstparameters.h */ = {isa = PBXBuildFile; fileRef = E7EE35CA7F504D3E96FE946D /* /Users/hikaritsai/JS_Inflator/vst3sdk/public.sdk/source/vst/vstparameters.h */; };
		C94187BBD0FF444DB05B3B1A /* /Users/hikaritsai/JS_Inflator/vst3sdk/public.sdk/source/vst/utility/sampleaccurate.h */ = {isa = PBXBuildFile; fileRef = 0CF41808DB394C3691145AD5 /* /Users/hikaritsai/JS_Inflator/vst3sdk/public.sdk/source/vst/utility/sampleaccurate.h */; };
		CDD1CEE5459148BC892C9F94 /* /Users/hikaritsai/JS_Inflator/vst3sdk/public.sdk/source/vst/vstbus.cpp */ = {isa = PBXBuildFile; fileRef = 724A514744D247CE96A1632D /* /Users/hikaritsai/JS_Inflator/vst3sdk/public.sdk/source/vst/vstbus.cpp */; };
		CFF9D8BBC10345C991DFAEAE /* /Users/hikaritsai/JS_Inflator/vst3sdk/public.sdk/source/vst/hosting/module.cpp */ = {isa = PBXBuildFile; fileRef = 691349FA2AAD4094B3961050 /* /Users/hikaritsai/JS_Inflator/vst3sdk/public.sdk/source/vst/hosting/module.cpp */; };
		D19AD77CCB724C3BB9476D43 /* /Users/hikaritsai/JS_Inflator/vst3sdk/public.sdk/source/common/openurl.cpp */ = {isa = PBXBuildFile; fileRef = F59E492A603C47939F5D0017 /* /Users/hikaritsai/JS_Inflator/vst3sdk/public.sdk/source/common/openurl.cpp */; };
		D491264AD1C04CB38E38F2C2 /* /Users/hikaritsai/JS_Inflator/vst3sdk/public.sdk/source/vst/vstcomponent.h */ = {isa = PBXBuildFile; fileRef = 12537D0023E244A6AE171BB9 /* /Users/hikaritsai/JS_Inflator/vst3sdk/public.sdk/source/vst/vstcomponent.h */; };
		DA4C4083C0F04210B4B675FE /* /Users/hikaritsai/JS_Inflator/vst3sdk/public.sdk/source/common/pluginview.h */ = {isa = PBXBuildFile; fileRef = 837B2B789AB54A1C95DAFA10 /* /Users/hikaritsai/JS_Inflator/vst3sdk/public.sdk/source/common/pluginview.h */; };
		E0C01726277648A6942B52FC /* /Users/hikaritsai/JS_Inflator/vst3sdk/public.sdk/source/common/commonstringconvert.cpp */ = {isa = PBXBuildFile; fileRef = CC824C65380F43AEB19DCA2F /* /Users/hikaritsai/JS_Inflator/vst3sdk/public.sdk/source/common/commonstringconvert.cpp */; };
		E4F44EF38C684ADFA034292F /* /Users/hikaritsai/JS_Inflator/vst3sdk/public.sdk/source/vst/utility/stringconvert.cpp */ = {isa = PBXBuildFile; fileRef = F5EFE0B9256449F1AFA8F302 /* /Users/hikaritsai/JS_Inflator/vst3sdk/public.sdk/source/vst/utility/stringconvert.cpp */; };
		E5BD3B91D6974DD1ABFAC57F /* /Users/hikaritsai/JS_Inflator/vst3sdk/public.sdk/source/vst/utility/stringconvert.h */ = {isa = PBXBuildFile; fileRef = B8342FDDF0AA40C381A9925F /* /Users/hikaritsai/JS_Inflator/vst3sdk/public.sdk/source/vst/utility/stringconvert.h */; };
		EA2FA2F2D7064214AD950E8F /* /Users/hikaritsai/JS_Inflator/vst3sdk/public.sdk/source/vst/vstcomponent.cpp */ = {isa = PBXBuildFile; fileRef = B6C5ED2E370742E2A6168C39 /* /Users/hikaritsai/JS_Inflator/vst3sdk/public.sdk/source/vst/vstcomponent.cpp */; };
		ECDF261CAD1943908412E6CB /* /Users/hikaritsai/JS_Inflator/vst3sdk/public.sdk/source/vst/utility/processdataslicer.h */ = {isa = PBXBuildFile; fileRef = 2071B438C2204B3D9A7E93D9 /* /Users/hikaritsai/JS_Inflator/vst3sdk/public.sdk/source/vst/utility/processdataslicer.h */; };
		F130C0FC26524A6D94F31FF0 /* /Users/hikaritsai/JS_Inflator/vst3sdk/public.sdk/source/common/systemclipboard_linux.cpp */ = {isa = PBXBuildFile; fileRef = 6897E688D57340699C927588 /* /Users/hikaritsai/JS_Inflator/vst3sdk/public.sdk/source/common/systemclipboard_linux.cpp */; };
		F231E0897C574083B8A0C501 /* /Users/hikaritsai/JS_Inflator/vst3sdk/public.sdk/source/common/threadchecker_mac.mm */ = {isa = PBXBuildFile; fileRef = 4CA07D7D7B2C44AC96010176 /* /Users/hikaritsai/JS_Inflator/vst3sdk/public.sdk/source/common/threadchecker_mac.mm */; };
		F2BC0C953D3F4CE0881163C3 /* /Users/hikaritsai/JS_Inflator/vst3sdk/public.sdk/source/vst/hosting/parameterchanges.cpp */ = {isa = PBXBuildFile; fileRef = 72B72BF13D5C431BAAEFE920 /* /Users/hikaritsai/JS_Inflator/vst3sdk/public.sdk/source/vst/hosting/parameterchanges.cpp */; };
		F397F407621A4A129E3D1B1F /* /Users/hikaritsai/JS_Inflator/vst3sdk/public.sdk/source/vst/vstpresetfile.h */ = {isa = PBXBuildFile; fileRef = 607813F794A7474786908A22 /* /Users/hikaritsai/JS_Inflator/vst3sdk/public.sdk/source/vst/vstpresetfile.h */; };
		F4744D3900474BB8870A8E19 /* /Users/hikaritsai/JS_Inflator/vst3sdk/public.sdk/source/vst/hosting/pluginterfacesupport.h */ = {isa = PBXBuildFile; fileRef = AC0A5F8CE7C54CEEA43319FF /* /Users/hikaritsai/JS_Inflator/vst3sdk/public.sdk/source/vst/hosting/pluginterfacesupport.h */; };
		F5717C6660A6458AA980F624 /* /Users/hikaritsai/JS_Inflator/vst3sdk/public.sdk/source/common/commoniids.cpp */ = {isa = PBXBuildFile; fileRef = 24A550BC2BE140608958B75E /* /Users/hikaritsai/JS_Inflator/vst3sdk/public.sdk/source/common/commoniids.cpp */; };
		F6EF1925373A4BC98CA5C8B1 /* /Users/hikaritsai/JS_Inflator/vst3sdk/public.sdk/source/vst/hosting/parameterchanges.h */ = {isa = PBXBuildFile; fileRef = 79DD978B710940CD83D05B9C /* /Users/hikaritsai/JS_Inflator/vst3sdk/public.sdk/source/vst/hosting/parameterchanges.h */; };
		F7DF697521A34C0BBA0C7DAF /* /Users/hikaritsai/JS_Inflator/vst3sdk/public.sdk/source/common/threadchecker_linux.cpp */ = {isa = PBXBuildFile; fileRef = 4706D0A1B56B463992C22A23 /* /Users/hikaritsai/JS_Inflator/vst3sdk/public.sdk/source/common/threadchecker_linux.cpp */; };
		F939C043E07D4E4281B14979 /* /Users/hikaritsai/JS_Inflator/vst3sdk/public.sdk/source/vst/utility/audiobuffers.h */ = {isa = PBXBuildFile; fileRef = 5251C5011E134E38BF44AC93 /* /Users/hikaritsai/JS_Inflator/vst3sdk/public.sdk/source/vst/utility/audiobuffers.h */; };
		F9FFEBC4B7DA479E862CBE39 /* /Users/hikaritsai/JS_Inflator/vst3sdk/public.sdk/source/vst/hosting/hostclasses.cpp */ = {isa = PBXBuildFile; fileRef = 2E0CCD4EF11A4508BB89B4A3 /* /Users/hikaritsai/JS_Inflator/vst3sdk/public.sdk/source/vst/hosting/hostclasses.cpp */; };
/* End PBXBuildFile section */

/* Begin PBXBuildStyle section */
		8F747E7B1EB14F749DFEE8CB /* Debug */ = {
			isa = PBXBuildStyle;
			buildSettings = {
				COPY_PHASE_STRIP = NO;
			};
			name = Debug;
		};
		DEBAF8710B6543439EBD1F47 /* Release */ = {
			isa = PBXBuildStyle;
			buildSettings = {
				COPY_PHASE_STRIP = NO;
			};
			name = Release;
		};
/* End PBXBuildStyle section */

/* Begin PBXContainerItemProxy section */
		06D1258BA0C54FF18E248768 /* PBXContainerItemProxy */ = {
			isa = PBXContainerItemProxy;
			containerPortal = DA17B39AB43344AE8EC3FDC3 /* Project object */;
			proxyType = 1;
			remoteGlobalIDString = DE698A9E96F6F95498E119A1;
			remoteInfo = ZERO_CHECK;
		};
		21861CA75F0B4F409691F72E /* PBXContainerItemProxy */ = {
			isa = PBXContainerItemProxy;
			containerPortal = DA17B39AB43344AE8EC3FDC3 /* Project object */;
			proxyType = 1;
			remoteGlobalIDString = 63E66D5DBE13304923F4BCA8;
			remoteInfo = sdk;
		};
		2D27ED2B0CE44D3CAD018B46 /* PBXContainerItemProxy */ = {
			isa = PBXContainerItemProxy;
			containerPortal = DA17B39AB43344AE8EC3FDC3 /* Project object */;
			proxyType = 1;
			remoteGlobalIDString = F0C813B5A2D3222EE1396578;
			remoteInfo = sdk_common;
		};
		70C95B1BD7D54C399CF3E1C3 /* PBXContainerItemProxy */ = {
			isa = PBXContainerItemProxy;
			containerPortal = DA17B39AB43344AE8EC3FDC3 /* Project object */;
			proxyType = 1;
			remoteGlobalIDString = DE698A9E96F6F95498E119A1;
			remoteInfo = ZERO_CHECK;
		};
		9DF3B8EEDE434C2591C028FD /* PBXContainerItemProxy */ = {
			isa = PBXContainerItemProxy;
			containerPortal = DA17B39AB43344AE8EC3FDC3 /* Project object */;
			proxyType = 1;
			remoteGlobalIDString = F0C813B5A2D3222EE1396578;
			remoteInfo = sdk_common;
		};
		B2E554F9F0864D2FB883C3D8 /* PBXContainerItemProxy */ = {
			isa = PBXContainerItemProxy;
			containerPortal = DA17B39AB43344AE8EC3FDC3 /* Project object */;
			proxyType = 1;
			remoteGlobalIDString = DE698A9E96F6F95498E119A1;
			remoteInfo = ZERO_CHECK;
		};
		BDBA28368D224A32A41AEB6C /* PBXContainerItemProxy */ = {
			isa = PBXContainerItemProxy;
			containerPortal = DA17B39AB43344AE8EC3FDC3 /* Project object */;
			proxyType = 1;
			remoteGlobalIDString = DE698A9E96F6F95498E119A1;
			remoteInfo = ZERO_CHECK;
		};
		D1AE1F1375304F4485B0784D /* PBXContainerItemProxy */ = {
			isa = PBXContainerItemProxy;
			containerPortal = DA17B39AB43344AE8EC3FDC3 /* Project object */;
			proxyType = 1;
			remoteGlobalIDString = F0C813B5A2D3222EE1396578;
			remoteInfo = sdk_common;
		};
		DB9AAAAB209E482F8D207D41 /* PBXContainerItemProxy */ = {
			isa = PBXContainerItemProxy;
			containerPortal = DA17B39AB43344AE8EC3FDC3 /* Project object */;
			proxyType = 1;
			remoteGlobalIDString = C3E31DE567E62992648C2A23;
			remoteInfo = sdk_hosting;
		};
/* End PBXContainerItemProxy section */

/* Begin PBXFileReference section */
		046D78AC23E14295A93F3D17 /* /Users/hikaritsai/JS_Inflator/vst3sdk/public.sdk/source/common/threadchecker.h */ = {isa = PBXFileReference; explicitFileType = sourcecode.c.h; fileEncoding = 4; name = threadchecker.h; path = source/common/threadchecker.h; sourceTree = SOURCE_ROOT; };
		04A34F182A3A4910BDCDB60D /* /Users/hikaritsai/JS_Inflator/vst3sdk/public.sdk/source/vst/vstparameters.cpp */ = {isa = PBXFileReference; explicitFileType = sourcecode.cpp.cpp; fileEncoding = 4; name = vstparameters.cpp; path = source/vst/vstparameters.cpp; sourceTree = SOURCE_ROOT; };
		059609D529184015BA14C9B0 /* /Users/hikaritsai/JS_Inflator/vst3sdk/public.sdk/source/vst/utility/dataexchange.cpp */ = {isa = PBXFileReference; explicitFileType = sourcecode.cpp.cpp; fileEncoding = 4; name = dataexchange.cpp; path = source/vst/utility/dataexchange.cpp; sourceTree = SOURCE_ROOT; };
		05AE5F7053CE4E1AAF81A658 /* /Users/hikaritsai/JS_Inflator/vst3sdk/public.sdk/source/vst/utility/rttransfer.h */ = {isa = PBXFileReference; explicitFileType = sourcecode.c.h; fileEncoding = 4; name = rttransfer.h; path = source/vst/utility/rttransfer.h; sourceTree = SOURCE_ROOT; };
		0AF6E3837F3E45D9ADC1E872 /* /Users/hikaritsai/JS_Inflator/vst3sdk/public.sdk/CMakeLists.txt */ = {isa = PBXFileReference; explicitFileType = sourcecode.text; fileEncoding = 4; name = CMakeLists.txt; path = CMakeLists.txt; sourceTree = SOURCE_ROOT; };
		0BCBA02399DA44B1A5EC7694 /* /Users/hikaritsai/JS_Inflator/vst3sdk/public.sdk/source/vst/utility/stringconvert.cpp */ = {isa = PBXFileReference; explicitFileType = sourcecode.cpp.cpp; fileEncoding = 4; name = stringconvert.cpp; path = source/vst/utility/stringconvert.cpp; sourceTree = SOURCE_ROOT; };
		0CF41808DB394C3691145AD5 /* /Users/hikaritsai/JS_Inflator/vst3sdk/public.sdk/source/vst/utility/sampleaccurate.h */ = {isa = PBXFileReference; explicitFileType = sourcecode.c.h; fileEncoding = 4; name = sampleaccurate.h; path = source/vst/utility/sampleaccurate.h; sourceTree = SOURCE_ROOT; };
		10781E0A87C040B39657B39C /* /Users/hikaritsai/JS_Inflator/vst3sdk/public.sdk/source/vst/utility/uid.h */ = {isa = PBXFileReference; explicitFileType = sourcecode.c.h; fileEncoding = 4; name = uid.h; path = source/vst/utility/uid.h; sourceTree = SOURCE_ROOT; };
		12537D0023E244A6AE171BB9 /* /Users/hikaritsai/JS_Inflator/vst3sdk/public.sdk/source/vst/vstcomponent.h */ = {isa = PBXFileReference; explicitFileType = sourcecode.c.h; fileEncoding = 4; name = vstcomponent.h; path = source/vst/vstcomponent.h; sourceTree = SOURCE_ROOT; };
		17A13CBB806746AD88099E0D /* /Users/hikaritsai/JS_Inflator/vst3sdk/public.sdk/source/vst/vstbus.h */ = {isa = PBXFileReference; explicitFileType = sourcecode.c.h; fileEncoding = 4; name = vstbus.h; path = source/vst/vstbus.h; sourceTree = SOURCE_ROOT; };
		1AD525E0823A4FF9A185F21C /* /Users/hikaritsai/JS_Inflator/vst3sdk/public.sdk/source/vst/vstcomponentbase.cpp */ = {isa = PBXFileReference; explicitFileType = sourcecode.cpp.cpp; fileEncoding = 4; name = vstcomponentbase.cpp; path = source/vst/vstcomponentbase.cpp; sourceTree = SOURCE_ROOT; };
		1B7079CA4E4840699CF5379D /* /Users/hikaritsai/JS_Inflator/vst3sdk/public.sdk/CMakeLists.txt */ = {isa = PBXFileReference; explicitFileType = sourcecode.text; fileEncoding = 4; name = CMakeLists.txt; path = CMakeLists.txt; sourceTree = SOURCE_ROOT; };
		1D5E2CB99A4A4CECA52EDB0E /* /Users/hikaritsai/JS_Inflator/vst3sdk/public.sdk/source/vst/hosting/processdata.cpp */ = {isa = PBXFileReference; explicitFileType = sourcecode.cpp.cpp; fileEncoding = 4; name = processdata.cpp; path = source/vst/hosting/processdata.cpp; sourceTree = SOURCE_ROOT; };
		2071B438C2204B3D9A7E93D9 /* /Users/hikaritsai/JS_Inflator/vst3sdk/public.sdk/source/vst/utility/processdataslicer.h */ = {isa = PBXFileReference; explicitFileType = sourcecode.c.h; fileEncoding = 4; name = processdataslicer.h; path = source/vst/utility/processdataslicer.h; sourceTree = SOURCE_ROOT; };
		24146A64942340BD83F4E4D0 /* /Users/hikaritsai/JS_Inflator/vst3sdk/public.sdk/source/main/pluginfactory_constexpr.h */ = {isa = PBXFileReference; explicitFileType = sourcecode.c.h; fileEncoding = 4; name = pluginfactory_constexpr.h; path = source/main/pluginfactory_constexpr.h; sourceTree = SOURCE_ROOT; };
		24A550BC2BE140608958B75E /* /Users/hikaritsai/JS_Inflator/vst3sdk/public.sdk/source/common/commoniids.cpp */ = {isa = PBXFileReference; explicitFileType = sourcecode.cpp.cpp; fileEncoding = 4; name = commoniids.cpp; path = source/common/commoniids.cpp; sourceTree = SOURCE_ROOT; };
		27518AF21C3E4FECBEB40B78 /* /Users/hikaritsai/JS_Inflator/vst3sdk/public.sdk/source/common/systemclipboard.h */ = {isa = PBXFileReference; explicitFileType = sourcecode.c.h; fileEncoding = 4; name = systemclipboard.h; path = source/common/systemclipboard.h; sourceTree = SOURCE_ROOT; };
		2CA08A3723C64DA1B94CD1D5 /* /Users/hikaritsai/JS_Inflator/vst3sdk/public.sdk/source/vst/utility/systemtime.cpp */ = {isa = PBXFileReference; explicitFileType = sourcecode.cpp.cpp; fileEncoding = 4; name = systemtime.cpp; path = source/vst/utility/systemtime.cpp; sourceTree = SOURCE_ROOT; };
		2E0CCD4EF11A4508BB89B4A3 /* /Users/hikaritsai/JS_Inflator/vst3sdk/public.sdk/source/vst/hosting/hostclasses.cpp */ = {isa = PBXFileReference; explicitFileType = sourcecode.cpp.cpp; fileEncoding = 4; name = hostclasses.cpp; path = source/vst/hosting/hostclasses.cpp; sourceTree = SOURCE_ROOT; };
		323C34B19C1748CE83D3102C /* /Users/hikaritsai/JS_Inflator/vst3sdk/public.sdk/source/vst/vsthelpers.h */ = {isa = PBXFileReference; explicitFileType = sourcecode.c.h; fileEncoding = 4; name = vsthelpers.h; path = source/vst/vsthelpers.h; sourceTree = SOURCE_ROOT; };
		37FFAB03807A49AFAD6D04E9 /* /Users/hikaritsai/JS_Inflator/vst3sdk/public.sdk/source/vst/utility/versionparser.h */ = {isa = PBXFileReference; explicitFileType = sourcecode.c.h; fileEncoding = 4; name = versionparser.h; path = source/vst/utility/versionparser.h; sourceTree = SOURCE_ROOT; };
		3CA3D11D00294DB39CDBE0FF /* /Users/hikaritsai/JS_Inflator/vst3sdk/public.sdk/source/vst/vstbypassprocessor.h */ = {isa = PBXFileReference; explicitFileType = sourcecode.c.h; fileEncoding = 4; name = vstbypassprocessor.h; path = source/vst/vstbypassprocessor.h; sourceTree = SOURCE_ROOT; };
		460C698BDCB746DC93FDB19F /* /Users/hikaritsai/JS_Inflator/vst3sdk/public.sdk/source/vst/utility/stringconvert.h */ = {isa = PBXFileReference; explicitFileType = sourcecode.c.h; fileEncoding = 4; name = stringconvert.h; path = source/vst/utility/stringconvert.h; sourceTree = SOURCE_ROOT; };
		4706D0A1B56B463992C22A23 /* /Users/hikaritsai/JS_Inflator/vst3sdk/public.sdk/source/common/threadchecker_linux.cpp */ = {isa = PBXFileReference; explicitFileType = sourcecode.cpp.cpp; fileEncoding = 4; name = threadchecker_linux.cpp; path = source/common/threadchecker_linux.cpp; sourceTree = SOURCE_ROOT; };
		49C22270235F482B876B117B /* /Users/hikaritsai/JS_Inflator/vst3sdk/public.sdk/source/vst/hosting/processdata.h */ = {isa = PBXFileReference; explicitFileType = sourcecode.c.h; fileEncoding = 4; name = processdata.h; path = source/vst/hosting/processdata.h; sourceTree = SOURCE_ROOT; };
		4B2413D62D884E64BC24EB4C /* /Users/hikaritsai/JS_Inflator/vst3sdk/public.sdk/source/vst/vsteditcontroller.cpp */ = {isa = PBXFileReference; explicitFileType = sourcecode.cpp.cpp; fileEncoding = 4; name = vsteditcontroller.cpp; path = source/vst/vsteditcontroller.cpp; sourceTree = SOURCE_ROOT; };
		4CA07D7D7B2C44AC96010176 /* /Users/hikaritsai/JS_Inflator/vst3sdk/public.sdk/source/common/threadchecker_mac.mm */ = {isa = PBXFileReference; explicitFileType = sourcecode.cpp.objcpp; fileEncoding = 4; name = threadchecker_mac.mm; path = source/common/threadchecker_mac.mm; sourceTree = SOURCE_ROOT; };
		4DF9FE1E330547D382D8B5E7 /* /Users/hikaritsai/JS_Inflator/vst3sdk/public.sdk/source/common/openurl.h */ = {isa = PBXFileReference; explicitFileType = sourcecode.c.h; fileEncoding = 4; name = openurl.h; path = source/common/openurl.h; sourceTree = SOURCE_ROOT; };
		5251C5011E134E38BF44AC93 /* /Users/hikaritsai/JS_Inflator/vst3sdk/public.sdk/source/vst/utility/audiobuffers.h */ = {isa = PBXFileReference; explicitFileType = sourcecode.c.h; fileEncoding = 4; name = audiobuffers.h; path = source/vst/utility/audiobuffers.h; sourceTree = SOURCE_ROOT; };
		5325633AF015478E83A37F5A /* /Users/hikaritsai/JS_Inflator/vst3sdk/public.sdk/source/common/pluginview.cpp */ = {isa = PBXFileReference; explicitFileType = sourcecode.cpp.cpp; fileEncoding = 4; name = pluginview.cpp; path = source/common/pluginview.cpp; sourceTree = SOURCE_ROOT; };
		5DA234354308492A8EE22BDA /* /Users/hikaritsai/JS_Inflator/vst3sdk/public.sdk/source/vst/utility/vst2persistence.cpp */ = {isa = PBXFileReference; explicitFileType = sourcecode.cpp.cpp; fileEncoding = 4; name = vst2persistence.cpp; path = source/vst/utility/vst2persistence.cpp; sourceTree = SOURCE_ROOT; };
		5F25E2D1374A4A79B42C818A /* sdk_hosting */ = {isa = PBXFileReference; explicitFileType = archive.ar; path = libsdk_hosting.a; sourceTree = BUILT_PRODUCTS_DIR; };
		607813F794A7474786908A22 /* /Users/hikaritsai/JS_Inflator/vst3sdk/public.sdk/source/vst/vstpresetfile.h */ = {isa = PBXFileReference; explicitFileType = sourcecode.c.h; fileEncoding = 4; name = vstpresetfile.h; path = source/vst/vstpresetfile.h; sourceTree = SOURCE_ROOT; };
		6253232911DA4767887BFFD9 /* /Users/hikaritsai/JS_Inflator/vst3sdk/public.sdk/source/vst/utility/processcontextrequirements.h */ = {isa = PBXFileReference; explicitFileType = sourcecode.c.h; fileEncoding = 4; name = processcontextrequirements.h; path = source/vst/utility/processcontextrequirements.h; sourceTree = SOURCE_ROOT; };
		6289597D885545D4BDE22BE2 /* /Users/hikaritsai/JS_Inflator/vst3sdk/public.sdk/source/vst/utility/dataexchange.h */ = {isa = PBXFileReference; explicitFileType = sourcecode.c.h; fileEncoding = 4; name = dataexchange.h; path = source/vst/utility/dataexchange.h; sourceTree = SOURCE_ROOT; };
		6897E688D57340699C927588 /* /Users/hikaritsai/JS_Inflator/vst3sdk/public.sdk/source/common/systemclipboard_linux.cpp */ = {isa = PBXFileReference; explicitFileType = sourcecode.cpp.cpp; fileEncoding = 4; name = systemclipboard_linux.cpp; path = source/common/systemclipboard_linux.cpp; sourceTree = SOURCE_ROOT; };
		691349FA2AAD4094B3961050 /* /Users/hikaritsai/JS_Inflator/vst3sdk/public.sdk/source/vst/hosting/module.cpp */ = {isa = PBXFileReference; explicitFileType = sourcecode.cpp.cpp; fileEncoding = 4; name = module.cpp; path = source/vst/hosting/module.cpp; sourceTree = SOURCE_ROOT; };
		69FE07C5C84941E0A8689EBF /* /Users/hikaritsai/JS_Inflator/vst3sdk/public.sdk/source/common/readfile.h */ = {isa = PBXFileReference; explicitFileType = sourcecode.c.h; fileEncoding = 4; name = readfile.h; path = source/common/readfile.h; sourceTree = SOURCE_ROOT; };
		6EE06F328B6C4583B3F690F2 /* /Users/hikaritsai/JS_Inflator/vst3sdk/public.sdk/source/vst/utility/systemtime.h */ = {isa = PBXFileReference; explicitFileType = sourcecode.c.h; fileEncoding = 4; name = systemtime.h; path = source/vst/utility/systemtime.h; sourceTree = SOURCE_ROOT; };
		724A514744D247CE96A1632D /* /Users/hikaritsai/JS_Inflator/vst3sdk/public.sdk/source/vst/vstbus.cpp */ = {isa = PBXFileReference; explicitFileType = sourcecode.cpp.cpp; fileEncoding = 4; name = vstbus.cpp; path = source/vst/vstbus.cpp; sourceTree = SOURCE_ROOT; };
		72B72BF13D5C431BAAEFE920 /* /Users/hikaritsai/JS_Inflator/vst3sdk/public.sdk/source/vst/hosting/parameterchanges.cpp */ = {isa = PBXFileReference; explicitFileType = sourcecode.cpp.cpp; fileEncoding = 4; name = parameterchanges.cpp; path = source/vst/hosting/parameterchanges.cpp; sourceTree = SOURCE_ROOT; };
		739A90B329244479BCA57C4E /* /Users/hikaritsai/JS_Inflator/vst3sdk/public.sdk/source/main/moduleinit.h */ = {isa = PBXFileReference; explicitFileType = sourcecode.c.h; fileEncoding = 4; name = moduleinit.h; path = source/main/moduleinit.h; sourceTree = SOURCE_ROOT; };
		75D4386D80524E909B5519D7 /* /Users/hikaritsai/JS_Inflator/vst3sdk/public.sdk/source/vst/utility/vst2persistence.h */ = {isa = PBXFileReference; explicitFileType = sourcecode.c.h; fileEncoding = 4; name = vst2persistence.h; path = source/vst/utility/vst2persistence.h; sourceTree = SOURCE_ROOT; };
		79DD978B710940CD83D05B9C /* /Users/hikaritsai/JS_Inflator/vst3sdk/public.sdk/source/vst/hosting/parameterchanges.h */ = {isa = PBXFileReference; explicitFileType = sourcecode.c.h; fileEncoding = 4; name = parameterchanges.h; path = source/vst/hosting/parameterchanges.h; sourceTree = SOURCE_ROOT; };
		7DD93F3B3F6D4533BC3FD16D /* /Users/hikaritsai/JS_Inflator/vst3sdk/public.sdk/source/vst/hosting/pluginterfacesupport.cpp */ = {isa = PBXFileReference; explicitFileType = sourcecode.cpp.cpp; fileEncoding = 4; name = pluginterfacesupport.cpp; path = source/vst/hosting/pluginterfacesupport.cpp; sourceTree = SOURCE_ROOT; };
		7E647F0DB3704F82A907F0E8 /* /Users/hikaritsai/JS_Inflator/vst3sdk/public.sdk/source/vst/hosting/connectionproxy.h */ = {isa = PBXFileReference; explicitFileType = sourcecode.c.h; fileEncoding = 4; name = connectionproxy.h; path = source/vst/hosting/connectionproxy.h; sourceTree = SOURCE_ROOT; };
		7F1735F4474F472FB2519CFC /* /Users/hikaritsai/JS_Inflator/vst3sdk/public.sdk/source/common/threadchecker_win32.cpp */ = {isa = PBXFileReference; explicitFileType = sourcecode.cpp.cpp; fileEncoding = 4; name = threadchecker_win32.cpp; path = source/common/threadchecker_win32.cpp; sourceTree = SOURCE_ROOT; };
		7F18A09506E34A288969E39C /* /Users/hikaritsai/JS_Inflator/vst3sdk/public.sdk/source/vst/hosting/hostclasses.h */ = {isa = PBXFileReference; explicitFileType = sourcecode.c.h; fileEncoding = 4; name = hostclasses.h; path = source/vst/hosting/hostclasses.h; sourceTree = SOURCE_ROOT; };
		837B2B789AB54A1C95DAFA10 /* /Users/hikaritsai/JS_Inflator/vst3sdk/public.sdk/source/common/pluginview.h */ = {isa = PBXFileReference; explicitFileType = sourcecode.c.h; fileEncoding = 4; name = pluginview.h; path = source/common/pluginview.h; sourceTree = SOURCE_ROOT; };
		84B9612810884F77B45C17B1 /* /Users/hikaritsai/JS_Inflator/vst3sdk/public.sdk/source/vst/utility/memoryibstream.h */ = {isa = PBXFileReference; explicitFileType = sourcecode.c.h; fileEncoding = 4; name = memoryibstream.h; path = source/vst/utility/memoryibstream.h; sourceTree = SOURCE_ROOT; };
		8651484317B24AE8B173A9DB /* /Users/hikaritsai/JS_Inflator/vst3sdk/public.sdk/source/vst/hosting/module.h */ = {isa = PBXFileReference; explicitFileType = sourcecode.c.h; fileEncoding = 4; name = module.h; path = source/vst/hosting/module.h; sourceTree = SOURCE_ROOT; };
		876A903D42594350A3693558 /* /Users/hikaritsai/JS_Inflator/vst3sdk/public.sdk/source/vst/utility/ringbuffer.h */ = {isa = PBXFileReference; explicitFileType = sourcecode.c.h; fileEncoding = 4; name = ringbuffer.h; path = source/vst/utility/ringbuffer.h; sourceTree = SOURCE_ROOT; };
		8A11B3B2072147B1A8D22CFD /* /Users/hikaritsai/JS_Inflator/vst3sdk/public.sdk/source/main/pluginfactory.h */ = {isa = PBXFileReference; explicitFileType = sourcecode.c.h; fileEncoding = 4; name = pluginfactory.h; path = source/main/pluginfactory.h; sourceTree = SOURCE_ROOT; };
		8D297984D2D74044A67BCCE3 /* /Users/hikaritsai/JS_Inflator/vst3sdk/public.sdk/source/vst/vstaudioeffect.h */ = {isa = PBXFileReference; explicitFileType = sourcecode.c.h; fileEncoding = 4; name = vstaudioeffect.h; path = source/vst/vstaudioeffect.h; sourceTree = SOURCE_ROOT; };
		94F4026B3FF049EDB9BC3C48 /* /Users/hikaritsai/JS_Inflator/vst3sdk/public.sdk/source/main/moduleinit.cpp */ = {isa = PBXFileReference; explicitFileType = sourcecode.cpp.cpp; fileEncoding = 4; name = moduleinit.cpp; path = source/main/moduleinit.cpp; sourceTree = SOURCE_ROOT; };
		9A03107622B1488A9911AE65 /* /Users/hikaritsai/JS_Inflator/vst3sdk/public.sdk/source/vst/vsteventshelper.h */ = {isa = PBXFileReference; explicitFileType = sourcecode.c.h; fileEncoding = 4; name = vsteventshelper.h; path = source/vst/vsteventshelper.h; sourceTree = SOURCE_ROOT; };
		9B609488602D4903952094CD /* /Users/hikaritsai/JS_Inflator/vst3sdk/public.sdk/source/vst/vstnoteexpressiontypes.cpp */ = {isa = PBXFileReference; explicitFileType = sourcecode.cpp.cpp; fileEncoding = 4; name = vstnoteexpressiontypes.cpp; path = source/vst/vstnoteexpressiontypes.cpp; sourceTree = SOURCE_ROOT; };
		9BC540947E624D01A048D695 /* /Users/hikaritsai/JS_Inflator/vst3sdk/public.sdk/source/main/pluginfactory.cpp */ = {isa = PBXFileReference; explicitFileType = sourcecode.cpp.cpp; fileEncoding = 4; name = pluginfactory.cpp; path = source/main/pluginfactory.cpp; sourceTree = SOURCE_ROOT; };
		9F6A5F26227C4D9D962F9056 /* /Users/hikaritsai/JS_Inflator/vst3sdk/public.sdk/source/vst/vstaudioeffect.cpp */ = {isa = PBXFileReference; explicitFileType = sourcecode.cpp.cpp; fileEncoding = 4; name = vstaudioeffect.cpp; path = source/vst/vstaudioeffect.cpp; sourceTree = SOURCE_ROOT; };
		A4BCB3F5F12B4457A58A3F1C /* /Users/hikaritsai/JS_Inflator/vst3sdk/public.sdk/CMakeLists.txt */ = {isa = PBXFileReference; explicitFileType = sourcecode.text; fileEncoding = 4; name = CMakeLists.txt; path = CMakeLists.txt; sourceTree = SOURCE_ROOT; };
		AC0A5F8CE7C54CEEA43319FF /* /Users/hikaritsai/JS_Inflator/vst3sdk/public.sdk/source/vst/hosting/pluginterfacesupport.h */ = {isa = PBXFileReference; explicitFileType = sourcecode.c.h; fileEncoding = 4; name = pluginterfacesupport.h; path = source/vst/hosting/pluginterfacesupport.h; sourceTree = SOURCE_ROOT; };
		AEB8594B88464C5EAAE02A10 /* /Users/hikaritsai/JS_Inflator/vst3sdk/public.sdk/source/vst/hosting/eventlist.h */ = {isa = PBXFileReference; explicitFileType = sourcecode.c.h; fileEncoding = 4; name = eventlist.h; path = source/vst/hosting/eventlist.h; sourceTree = SOURCE_ROOT; };
		B65728A9C4144D80998E7C18 /* /Users/hikaritsai/JS_Inflator/vst3sdk/public.sdk/source/common/commonstringconvert.h */ = {isa = PBXFileReference; explicitFileType = sourcecode.c.h; fileEncoding = 4; name = commonstringconvert.h; path = source/common/commonstringconvert.h; sourceTree = SOURCE_ROOT; };
		B6C5ED2E370742E2A6168C39 /* /Users/hikaritsai/JS_Inflator/vst3sdk/public.sdk/source/vst/vstcomponent.cpp */ = {isa = PBXFileReference; explicitFileType = sourcecode.cpp.cpp; fileEncoding = 4; name = vstcomponent.cpp; path = source/vst/vstcomponent.cpp; sourceTree = SOURCE_ROOT; };
		B6CA93CE546444CE835083BB /* /Users/hikaritsai/JS_Inflator/vst3sdk/public.sdk/source/vst/vstcomponentbase.h */ = {isa = PBXFileReference; explicitFileType = sourcecode.c.h; fileEncoding = 4; name = vstcomponentbase.h; path = source/vst/vstcomponentbase.h; sourceTree = SOURCE_ROOT; };
		B7FB3F040F364E988A9DBE35 /* sdk_common */ = {isa = PBXFileReference; explicitFileType = archive.ar; path = libsdk_common.a; sourceTree = BUILT_PRODUCTS_DIR; };
		B8342FDDF0AA40C381A9925F /* /Users/hikaritsai/JS_Inflator/vst3sdk/public.sdk/source/vst/utility/stringconvert.h */ = {isa = PBXFileReference; explicitFileType = sourcecode.c.h; fileEncoding = 4; name = stringconvert.h; path = source/vst/utility/stringconvert.h; sourceTree = SOURCE_ROOT; };
		BCBED2AE9C994C8787EBC901 /* /Users/hikaritsai/JS_Inflator/vst3sdk/public.sdk/source/vst/vstinitiids.cpp */ = {isa = PBXFileReference; explicitFileType = sourcecode.cpp.cpp; fileEncoding = 4; name = vstinitiids.cpp; path = source/vst/vstinitiids.cpp; sourceTree = SOURCE_ROOT; };
		BE0E300C597A4681AD28611D /* /Users/hikaritsai/JS_Inflator/vst3sdk/public.sdk/source/vst/vstrepresentation.h */ = {isa = PBXFileReference; explicitFileType = sourcecode.c.h; fileEncoding = 4; name = vstrepresentation.h; path = source/vst/vstrepresentation.h; sourceTree = SOURCE_ROOT; };
		C0752C94C1EE4BD3BBB9796C /* /Users/hikaritsai/JS_Inflator/vst3sdk/public.sdk/source/common/systemclipboard_mac.mm */ = {isa = PBXFileReference; explicitFileType = sourcecode.cpp.objcpp; fileEncoding = 4; name = systemclipboard_mac.mm; path = source/common/systemclipboard_mac.mm; sourceTree = SOURCE_ROOT; };
		C246A6AC8CB247D7A91AA603 /* /Users/hikaritsai/JS_Inflator/vst3sdk/public.sdk/source/vst/utility/optional.h */ = {isa = PBXFileReference; explicitFileType = sourcecode.c.h; fileEncoding = 4; name = optional.h; path = source/vst/utility/optional.h; sourceTree = SOURCE_ROOT; };
		C28747170C63405D81D1CAEF /* /Users/hikaritsai/JS_Inflator/vst3sdk/public.sdk/source/vst/hosting/eventlist.cpp */ = {isa = PBXFileReference; explicitFileType = sourcecode.cpp.cpp; fileEncoding = 4; name = eventlist.cpp; path = source/vst/hosting/eventlist.cpp; sourceTree = SOURCE_ROOT; };
		C84C707E354B4D97839220D6 /* /Users/hikaritsai/JS_Inflator/vst3sdk/public.sdk/source/vst/vstinitiids.cpp */ = {isa = PBXFileReference; explicitFileType = sourcecode.cpp.cpp; fileEncoding = 4; name = vstinitiids.cpp; path = source/vst/vstinitiids.cpp; sourceTree = SOURCE_ROOT; };
		C858CDB2720340AFBCAF009F /* /Users/hikaritsai/JS_Inflator/vst3sdk/public.sdk/source/vst/utility/testing.h */ = {isa = PBXFileReference; explicitFileType = sourcecode.c.h; fileEncoding = 4; name = testing.h; path = source/vst/utility/testing.h; sourceTree = SOURCE_ROOT; };
		CC824C65380F43AEB19DCA2F /* /Users/hikaritsai/JS_Inflator/vst3sdk/public.sdk/source/common/commonstringconvert.cpp */ = {isa = PBXFileReference; explicitFileType = sourcecode.cpp.cpp; fileEncoding = 4; name = commonstringconvert.cpp; path = source/common/commonstringconvert.cpp; sourceTree = SOURCE_ROOT; };
		CD9E9DAC6E6C49C4856E2D93 /* /Users/hikaritsai/JS_Inflator/vst3sdk/public.sdk/source/vst/hosting/connectionproxy.cpp */ = {isa = PBXFileReference; explicitFileType = sourcecode.cpp.cpp; fileEncoding = 4; name = connectionproxy.cpp; path = source/vst/hosting/connectionproxy.cpp; sourceTree = SOURCE_ROOT; };
		CDD0FFCD56DF407B808BA97F /* /Users/hikaritsai/JS_Inflator/vst3sdk/public.sdk/source/vst/vstpresetfile.cpp */ = {isa = PBXFileReference; explicitFileType = sourcecode.cpp.cpp; fileEncoding = 4; name = vstpresetfile.cpp; path = source/vst/vstpresetfile.cpp; sourceTree = SOURCE_ROOT; };
		D17488016FDC4A5B842C52F4 /* /Users/hikaritsai/JS_Inflator/vst3sdk/public.sdk/source/common/readfile.cpp */ = {isa = PBXFileReference; explicitFileType = sourcecode.cpp.cpp; fileEncoding = 4; name = readfile.cpp; path = source/common/readfile.cpp; sourceTree = SOURCE_ROOT; };
		D2CDA24F435D4D319211D554 /* /Users/hikaritsai/JS_Inflator/vst3sdk/public.sdk/CMakeLists.txt */ = {isa = PBXFileReference; explicitFileType = sourcecode.text; fileEncoding = 4; name = CMakeLists.txt; path = CMakeLists.txt; sourceTree = SOURCE_ROOT; };
		DC57650A2F214FC4A147CEC8 /* /Users/hikaritsai/JS_Inflator/vst3sdk/public.sdk/source/vst/utility/alignedalloc.h */ = {isa = PBXFileReference; explicitFileType = sourcecode.c.h; fileEncoding = 4; name = alignedalloc.h; path = source/vst/utility/alignedalloc.h; sourceTree = SOURCE_ROOT; };
		DFFF3817E81D4089ABEA8959 /* /Users/hikaritsai/JS_Inflator/vst3sdk/public.sdk/source/vst/vsteditcontroller.h */ = {isa = PBXFileReference; explicitFileType = sourcecode.c.h; fileEncoding = 4; name = vsteditcontroller.h; path = source/vst/vsteditcontroller.h; sourceTree = SOURCE_ROOT; };
		E0B1C0C2D9954D1490414D84 /* /Users/hikaritsai/JS_Inflator/vst3sdk/public.sdk/source/vst/vstnoteexpressiontypes.h */ = {isa = PBXFileReference; explicitFileType = sourcecode.c.h; fileEncoding = 4; name = vstnoteexpressiontypes.h; path = source/vst/vstnoteexpressiontypes.h; sourceTree = SOURCE_ROOT; };
		E7EE35CA7F504D3E96FE946D /* /Users/hikaritsai/JS_Inflator/vst3sdk/public.sdk/source/vst/vstparameters.h */ = {isa = PBXFileReference; explicitFileType = sourcecode.c.h; fileEncoding = 4; name = vstparameters.h; path = source/vst/vstparameters.h; sourceTree = SOURCE_ROOT; };
		EA155DA3BCAD4F6FAAFC4C1D /* /Users/hikaritsai/JS_Inflator/vst3sdk/public.sdk/source/common/systemclipboard_win32.cpp */ = {isa = PBXFileReference; explicitFileType = sourcecode.cpp.cpp; fileEncoding = 4; name = systemclipboard_win32.cpp; path = source/common/systemclipboard_win32.cpp; sourceTree = SOURCE_ROOT; };
		F51C8D93C11E4CE3B84CA212 /* /Users/hikaritsai/JS_Inflator/vst3sdk/public.sdk/source/vst/utility/testing.cpp */ = {isa = PBXFileReference; explicitFileType = sourcecode.cpp.cpp; fileEncoding = 4; name = testing.cpp; path = source/vst/utility/testing.cpp; sourceTree = SOURCE_ROOT; };
		F59E492A603C47939F5D0017 /* /Users/hikaritsai/JS_Inflator/vst3sdk/public.sdk/source/common/openurl.cpp */ = {isa = PBXFileReference; explicitFileType = sourcecode.cpp.cpp; fileEncoding = 4; name = openurl.cpp; path = source/common/openurl.cpp; sourceTree = SOURCE_ROOT; };
		F5EFE0B9256449F1AFA8F302 /* /Users/hikaritsai/JS_Inflator/vst3sdk/public.sdk/source/vst/utility/stringconvert.cpp */ = {isa = PBXFileReference; explicitFileType = sourcecode.cpp.cpp; fileEncoding = 4; name = stringconvert.cpp; path = source/vst/utility/stringconvert.cpp; sourceTree = SOURCE_ROOT; };
		F639596AFB584A9EA549552C /* sdk */ = {isa = PBXFileReference; explicitFileType = archive.ar; path = libsdk.a; sourceTree = BUILT_PRODUCTS_DIR; };
		FE51349015D64C82BFA53261 /* /Users/hikaritsai/JS_Inflator/vst3sdk/public.sdk/source/vst/vstrepresentation.cpp */ = {isa = PBXFileReference; explicitFileType = sourcecode.cpp.cpp; fileEncoding = 4; name = vstrepresentation.cpp; path = source/vst/vstrepresentation.cpp; sourceTree = SOURCE_ROOT; };
/* End PBXFileReference section */

/* Begin PBXFrameworksBuildPhase section */
		0994791C552A409A9BBA2032 /* Frameworks */ = {
			isa = PBXFrameworksBuildPhase;
			buildActionMask = 2147483647;
			files = (
			);
			runOnlyForDeploymentPostprocessing = 0;
		};
		1D57A85D694744B5BD209467 /* Frameworks */ = {
			isa = PBXFrameworksBuildPhase;
			buildActionMask = 2147483647;
			files = (
			);
			runOnlyForDeploymentPostprocessing = 0;
		};
		D7164F15246D44D7B8A02F0C /* Frameworks */ = {
			isa = PBXFrameworksBuildPhase;
			buildActionMask = 2147483647;
			files = (
			);
			runOnlyForDeploymentPostprocessing = 0;
		};
/* End PBXFrameworksBuildPhase section */

/* Begin PBXGroup section */
		03A911CF1C9047F1930AB04A /* Resources */ = {
			isa = PBXGroup;
			children = (
			);
			name = Resources;
			sourceTree = "<group>";
		};
		1C0360CB8D114E7D82D29B2B /* Source Files */ = {
			isa = PBXGroup;
			children = (
				24A550BC2BE140608958B75E /* /Users/hikaritsai/JS_Inflator/vst3sdk/public.sdk/source/common/commoniids.cpp */,
				CC824C65380F43AEB19DCA2F /* /Users/hikaritsai/JS_Inflator/vst3sdk/public.sdk/source/common/commonstringconvert.cpp */,
				F59E492A603C47939F5D0017 /* /Users/hikaritsai/JS_Inflator/vst3sdk/public.sdk/source/common/openurl.cpp */,
				D17488016FDC4A5B842C52F4 /* /Users/hikaritsai/JS_Inflator/vst3sdk/public.sdk/source/common/readfile.cpp */,
				6897E688D57340699C927588 /* /Users/hikaritsai/JS_Inflator/vst3sdk/public.sdk/source/common/systemclipboard_linux.cpp */,
				C0752C94C1EE4BD3BBB9796C /* /Users/hikaritsai/JS_Inflator/vst3sdk/public.sdk/source/common/systemclipboard_mac.mm */,
				EA155DA3BCAD4F6FAAFC4C1D /* /Users/hikaritsai/JS_Inflator/vst3sdk/public.sdk/source/common/systemclipboard_win32.cpp */,
				4706D0A1B56B463992C22A23 /* /Users/hikaritsai/JS_Inflator/vst3sdk/public.sdk/source/common/threadchecker_linux.cpp */,
				4CA07D7D7B2C44AC96010176 /* /Users/hikaritsai/JS_Inflator/vst3sdk/public.sdk/source/common/threadchecker_mac.mm */,
				7F1735F4474F472FB2519CFC /* /Users/hikaritsai/JS_Inflator/vst3sdk/public.sdk/source/common/threadchecker_win32.cpp */,
				CDD0FFCD56DF407B808BA97F /* /Users/hikaritsai/JS_Inflator/vst3sdk/public.sdk/source/vst/vstpresetfile.cpp */,
			);
			name = "Source Files";
			sourceTree = "<group>";
		};
		1D9F0841F9874E2CBC0273AD /* Libraries */ = {
			isa = PBXGroup;
			children = (
				E18EA2B149FB49D7B0B22A81 /* sdk */,
				731F65F999A04599B2CFC6E4 /* sdk_common */,
				5C4059D2CFE745CDBC7A4EB8 /* sdk_hosting */,
			);
			name = Libraries;
			sourceTree = "<group>";
		};
		260DFDEF356349C588D94132 /* Header Files */ = {
			isa = PBXGroup;
			children = (
				837B2B789AB54A1C95DAFA10 /* /Users/hikaritsai/JS_Inflator/vst3sdk/public.sdk/source/common/pluginview.h */,
				739A90B329244479BCA57C4E /* /Users/hikaritsai/JS_Inflator/vst3sdk/public.sdk/source/main/moduleinit.h */,
				8A11B3B2072147B1A8D22CFD /* /Users/hikaritsai/JS_Inflator/vst3sdk/public.sdk/source/main/pluginfactory.h */,
				24146A64942340BD83F4E4D0 /* /Users/hikaritsai/JS_Inflator/vst3sdk/public.sdk/source/main/pluginfactory_constexpr.h */,
				DC57650A2F214FC4A147CEC8 /* /Users/hikaritsai/JS_Inflator/vst3sdk/public.sdk/source/vst/utility/alignedalloc.h */,
				5251C5011E134E38BF44AC93 /* /Users/hikaritsai/JS_Inflator/vst3sdk/public.sdk/source/vst/utility/audiobuffers.h */,
				6289597D885545D4BDE22BE2 /* /Users/hikaritsai/JS_Inflator/vst3sdk/public.sdk/source/vst/utility/dataexchange.h */,
				84B9612810884F77B45C17B1 /* /Users/hikaritsai/JS_Inflator/vst3sdk/public.sdk/source/vst/utility/memoryibstream.h */,
				6253232911DA4767887BFFD9 /* /Users/hikaritsai/JS_Inflator/vst3sdk/public.sdk/source/vst/utility/processcontextrequirements.h */,
				2071B438C2204B3D9A7E93D9 /* /Users/hikaritsai/JS_Inflator/vst3sdk/public.sdk/source/vst/utility/processdataslicer.h */,
				876A903D42594350A3693558 /* /Users/hikaritsai/JS_Inflator/vst3sdk/public.sdk/source/vst/utility/ringbuffer.h */,
				05AE5F7053CE4E1AAF81A658 /* /Users/hikaritsai/JS_Inflator/vst3sdk/public.sdk/source/vst/utility/rttransfer.h */,
				0CF41808DB394C3691145AD5 /* /Users/hikaritsai/JS_Inflator/vst3sdk/public.sdk/source/vst/utility/sampleaccurate.h */,
				B8342FDDF0AA40C381A9925F /* /Users/hikaritsai/JS_Inflator/vst3sdk/public.sdk/source/vst/utility/stringconvert.h */,
				6EE06F328B6C4583B3F690F2 /* /Users/hikaritsai/JS_Inflator/vst3sdk/public.sdk/source/vst/utility/systemtime.h */,
				C858CDB2720340AFBCAF009F /* /Users/hikaritsai/JS_Inflator/vst3sdk/public.sdk/source/vst/utility/testing.h */,
				75D4386D80524E909B5519D7 /* /Users/hikaritsai/JS_Inflator/vst3sdk/public.sdk/source/vst/utility/vst2persistence.h */,
				8D297984D2D74044A67BCCE3 /* /Users/hikaritsai/JS_Inflator/vst3sdk/public.sdk/source/vst/vstaudioeffect.h */,
				17A13CBB806746AD88099E0D /* /Users/hikaritsai/JS_Inflator/vst3sdk/public.sdk/source/vst/vstbus.h */,
				3CA3D11D00294DB39CDBE0FF /* /Users/hikaritsai/JS_Inflator/vst3sdk/public.sdk/source/vst/vstbypassprocessor.h */,
				12537D0023E244A6AE171BB9 /* /Users/hikaritsai/JS_Inflator/vst3sdk/public.sdk/source/vst/vstcomponent.h */,
				B6CA93CE546444CE835083BB /* /Users/hikaritsai/JS_Inflator/vst3sdk/public.sdk/source/vst/vstcomponentbase.h */,
				DFFF3817E81D4089ABEA8959 /* /Users/hikaritsai/JS_Inflator/vst3sdk/public.sdk/source/vst/vsteditcontroller.h */,
				9A03107622B1488A9911AE65 /* /Users/hikaritsai/JS_Inflator/vst3sdk/public.sdk/source/vst/vsteventshelper.h */,
				323C34B19C1748CE83D3102C /* /Users/hikaritsai/JS_Inflator/vst3sdk/public.sdk/source/vst/vsthelpers.h */,
				E0B1C0C2D9954D1490414D84 /* /Users/hikaritsai/JS_Inflator/vst3sdk/public.sdk/source/vst/vstnoteexpressiontypes.h */,
				E7EE35CA7F504D3E96FE946D /* /Users/hikaritsai/JS_Inflator/vst3sdk/public.sdk/source/vst/vstparameters.h */,
				BE0E300C597A4681AD28611D /* /Users/hikaritsai/JS_Inflator/vst3sdk/public.sdk/source/vst/vstrepresentation.h */,
			);
			name = "Header Files";
			sourceTree = "<group>";
		};
		3355EA3188BA4655A692CE50 = {
			isa = PBXGroup;
			children = (
				CC97963E7F1A43E484921120 /* ALL_BUILD */,
				1D9F0841F9874E2CBC0273AD /* Libraries */,
				6952055DFA364C47B54ADFEB /* Products */,
				36A2E3141F564E97A4FAAE29 /* Frameworks */,
				03A911CF1C9047F1930AB04A /* Resources */,
			);
			sourceTree = "<group>";
		};
		36A2E3141F564E97A4FAAE29 /* Frameworks */ = {
			isa = PBXGroup;
			children = (
			);
			name = Frameworks;
			sourceTree = "<group>";
		};
		5B31509F31994D9D8CDA3F38 /* CMake Rules */ = {
			isa = PBXGroup;
			children = (
			);
			name = "CMake Rules";
			sourceTree = "<group>";
		};
		5C4059D2CFE745CDBC7A4EB8 /* sdk_hosting */ = {
			isa = PBXGroup;
			children = (
				DBF014B6E8FA4230832904A5 /* Header Files */,
				802FE3A415564E5EAF552662 /* Source Files */,
				A4BCB3F5F12B4457A58A3F1C /* /Users/hikaritsai/JS_Inflator/vst3sdk/public.sdk/CMakeLists.txt */,
			);
			name = sdk_hosting;
			sourceTree = "<group>";
		};
		6952055DFA364C47B54ADFEB /* Products */ = {
			isa = PBXGroup;
			children = (
				F639596AFB584A9EA549552C /* sdk */,
				B7FB3F040F364E988A9DBE35 /* sdk_common */,
				5F25E2D1374A4A79B42C818A /* sdk_hosting */,
			);
			name = Products;
			sourceTree = "<group>";
		};
		731F65F999A04599B2CFC6E4 /* sdk_common */ = {
			isa = PBXGroup;
			children = (
				F4BD4CF58EC74AF4BD202B5A /* Header Files */,
				1C0360CB8D114E7D82D29B2B /* Source Files */,
				0AF6E3837F3E45D9ADC1E872 /* /Users/hikaritsai/JS_Inflator/vst3sdk/public.sdk/CMakeLists.txt */,
			);
			name = sdk_common;
			sourceTree = "<group>";
		};
		7DE61200D48444E5A0295A46 /* Source Files */ = {
			isa = PBXGroup;
			children = (
				5325633AF015478E83A37F5A /* /Users/hikaritsai/JS_Inflator/vst3sdk/public.sdk/source/common/pluginview.cpp */,
				94F4026B3FF049EDB9BC3C48 /* /Users/hikaritsai/JS_Inflator/vst3sdk/public.sdk/source/main/moduleinit.cpp */,
				9BC540947E624D01A048D695 /* /Users/hikaritsai/JS_Inflator/vst3sdk/public.sdk/source/main/pluginfactory.cpp */,
				059609D529184015BA14C9B0 /* /Users/hikaritsai/JS_Inflator/vst3sdk/public.sdk/source/vst/utility/dataexchange.cpp */,
				0BCBA02399DA44B1A5EC7694 /* /Users/hikaritsai/JS_Inflator/vst3sdk/public.sdk/source/vst/utility/stringconvert.cpp */,
				2CA08A3723C64DA1B94CD1D5 /* /Users/hikaritsai/JS_Inflator/vst3sdk/public.sdk/source/vst/utility/systemtime.cpp */,
				F51C8D93C11E4CE3B84CA212 /* /Users/hikaritsai/JS_Inflator/vst3sdk/public.sdk/source/vst/utility/testing.cpp */,
				5DA234354308492A8EE22BDA /* /Users/hikaritsai/JS_Inflator/vst3sdk/public.sdk/source/vst/utility/vst2persistence.cpp */,
				9F6A5F26227C4D9D962F9056 /* /Users/hikaritsai/JS_Inflator/vst3sdk/public.sdk/source/vst/vstaudioeffect.cpp */,
				724A514744D247CE96A1632D /* /Users/hikaritsai/JS_Inflator/vst3sdk/public.sdk/source/vst/vstbus.cpp */,
				B6C5ED2E370742E2A6168C39 /* /Users/hikaritsai/JS_Inflator/vst3sdk/public.sdk/source/vst/vstcomponent.cpp */,
				1AD525E0823A4FF9A185F21C /* /Users/hikaritsai/JS_Inflator/vst3sdk/public.sdk/source/vst/vstcomponentbase.cpp */,
				4B2413D62D884E64BC24EB4C /* /Users/hikaritsai/JS_Inflator/vst3sdk/public.sdk/source/vst/vsteditcontroller.cpp */,
				C84C707E354B4D97839220D6 /* /Users/hikaritsai/JS_Inflator/vst3sdk/public.sdk/source/vst/vstinitiids.cpp */,
				9B609488602D4903952094CD /* /Users/hikaritsai/JS_Inflator/vst3sdk/public.sdk/source/vst/vstnoteexpressiontypes.cpp */,
				04A34F182A3A4910BDCDB60D /* /Users/hikaritsai/JS_Inflator/vst3sdk/public.sdk/source/vst/vstparameters.cpp */,
				FE51349015D64C82BFA53261 /* /Users/hikaritsai/JS_Inflator/vst3sdk/public.sdk/source/vst/vstrepresentation.cpp */,
			);
			name = "Source Files";
			sourceTree = "<group>";
		};
		802FE3A415564E5EAF552662 /* Source Files */ = {
			isa = PBXGroup;
			children = (
				CD9E9DAC6E6C49C4856E2D93 /* /Users/hikaritsai/JS_Inflator/vst3sdk/public.sdk/source/vst/hosting/connectionproxy.cpp */,
				C28747170C63405D81D1CAEF /* /Users/hikaritsai/JS_Inflator/vst3sdk/public.sdk/source/vst/hosting/eventlist.cpp */,
				2E0CCD4EF11A4508BB89B4A3 /* /Users/hikaritsai/JS_Inflator/vst3sdk/public.sdk/source/vst/hosting/hostclasses.cpp */,
				691349FA2AAD4094B3961050 /* /Users/hikaritsai/JS_Inflator/vst3sdk/public.sdk/source/vst/hosting/module.cpp */,
				72B72BF13D5C431BAAEFE920 /* /Users/hikaritsai/JS_Inflator/vst3sdk/public.sdk/source/vst/hosting/parameterchanges.cpp */,
				7DD93F3B3F6D4533BC3FD16D /* /Users/hikaritsai/JS_Inflator/vst3sdk/public.sdk/source/vst/hosting/pluginterfacesupport.cpp */,
				1D5E2CB99A4A4CECA52EDB0E /* /Users/hikaritsai/JS_Inflator/vst3sdk/public.sdk/source/vst/hosting/processdata.cpp */,
				F5EFE0B9256449F1AFA8F302 /* /Users/hikaritsai/JS_Inflator/vst3sdk/public.sdk/source/vst/utility/stringconvert.cpp */,
				BCBED2AE9C994C8787EBC901 /* /Users/hikaritsai/JS_Inflator/vst3sdk/public.sdk/source/vst/vstinitiids.cpp */,
			);
			name = "Source Files";
			sourceTree = "<group>";
		};
		CC97963E7F1A43E484921120 /* ALL_BUILD */ = {
			isa = PBXGroup;
			children = (
				5B31509F31994D9D8CDA3F38 /* CMake Rules */,
				D2CDA24F435D4D319211D554 /* /Users/hikaritsai/JS_Inflator/vst3sdk/public.sdk/CMakeLists.txt */,
			);
			name = ALL_BUILD;
			sourceTree = "<group>";
		};
		DBF014B6E8FA4230832904A5 /* Header Files */ = {
			isa = PBXGroup;
			children = (
				7E647F0DB3704F82A907F0E8 /* /Users/hikaritsai/JS_Inflator/vst3sdk/public.sdk/source/vst/hosting/connectionproxy.h */,
				AEB8594B88464C5EAAE02A10 /* /Users/hikaritsai/JS_Inflator/vst3sdk/public.sdk/source/vst/hosting/eventlist.h */,
				7F18A09506E34A288969E39C /* /Users/hikaritsai/JS_Inflator/vst3sdk/public.sdk/source/vst/hosting/hostclasses.h */,
				8651484317B24AE8B173A9DB /* /Users/hikaritsai/JS_Inflator/vst3sdk/public.sdk/source/vst/hosting/module.h */,
				79DD978B710940CD83D05B9C /* /Users/hikaritsai/JS_Inflator/vst3sdk/public.sdk/source/vst/hosting/parameterchanges.h */,
				AC0A5F8CE7C54CEEA43319FF /* /Users/hikaritsai/JS_Inflator/vst3sdk/public.sdk/source/vst/hosting/pluginterfacesupport.h */,
				49C22270235F482B876B117B /* /Users/hikaritsai/JS_Inflator/vst3sdk/public.sdk/source/vst/hosting/processdata.h */,
				C246A6AC8CB247D7A91AA603 /* /Users/hikaritsai/JS_Inflator/vst3sdk/public.sdk/source/vst/utility/optional.h */,
				460C698BDCB746DC93FDB19F /* /Users/hikaritsai/JS_Inflator/vst3sdk/public.sdk/source/vst/utility/stringconvert.h */,
				10781E0A87C040B39657B39C /* /Users/hikaritsai/JS_Inflator/vst3sdk/public.sdk/source/vst/utility/uid.h */,
				37FFAB03807A49AFAD6D04E9 /* /Users/hikaritsai/JS_Inflator/vst3sdk/public.sdk/source/vst/utility/versionparser.h */,
			);
			name = "Header Files";
			sourceTree = "<group>";
		};
		E18EA2B149FB49D7B0B22A81 /* sdk */ = {
			isa = PBXGroup;
			children = (
				260DFDEF356349C588D94132 /* Header Files */,
				7DE61200D48444E5A0295A46 /* Source Files */,
				1B7079CA4E4840699CF5379D /* /Users/hikaritsai/JS_Inflator/vst3sdk/public.sdk/CMakeLists.txt */,
			);
			name = sdk;
			sourceTree = "<group>";
		};
		F4BD4CF58EC74AF4BD202B5A /* Header Files */ = {
			isa = PBXGroup;
			children = (
				B65728A9C4144D80998E7C18 /* /Users/hikaritsai/JS_Inflator/vst3sdk/public.sdk/source/common/commonstringconvert.h */,
				4DF9FE1E330547D382D8B5E7 /* /Users/hikaritsai/JS_Inflator/vst3sdk/public.sdk/source/common/openurl.h */,
				69FE07C5C84941E0A8689EBF /* /Users/hikaritsai/JS_Inflator/vst3sdk/public.sdk/source/common/readfile.h */,
				27518AF21C3E4FECBEB40B78 /* /Users/hikaritsai/JS_Inflator/vst3sdk/public.sdk/source/common/systemclipboard.h */,
				046D78AC23E14295A93F3D17 /* /Users/hikaritsai/JS_Inflator/vst3sdk/public.sdk/source/common/threadchecker.h */,
				607813F794A7474786908A22 /* /Users/hikaritsai/JS_Inflator/vst3sdk/public.sdk/source/vst/vstpresetfile.h */,
			);
			name = "Header Files";
			sourceTree = "<group>";
		};
/* End PBXGroup section */

/* Begin PBXNativeTarget section */
		63E66D5DBE13304923F4BCA8 /* sdk */ = {
			isa = PBXNativeTarget;
			buildConfigurationList = EF3BD5237BD946AB916AE96E /* Build configuration list for PBXNativeTarget "sdk" */;
			buildPhases = (
				8F80AFB3AC5A4586AC3E78D1 /* Sources */,
				0994791C552A409A9BBA2032 /* Frameworks */,
			);
			buildRules = (
			);
			dependencies = (
				D2BB371739EB42118A404551 /* PBXTargetDependency */,
				5590C079285E49B68C891D99 /* PBXTargetDependency */,
			);
			name = sdk;
			productName = sdk;
			productReference = F639596AFB584A9EA549552C /* sdk */;
			productType = "com.apple.product-type.library.static";
		};
		C3E31DE567E62992648C2A23 /* sdk_hosting */ = {
			isa = PBXNativeTarget;
			buildConfigurationList = B1FC9B37F5C242239B24F692 /* Build configuration list for PBXNativeTarget "sdk_hosting" */;
			buildPhases = (
				32C4C4F688984B77AD5D8CC5 /* Sources */,
				1D57A85D694744B5BD209467 /* Frameworks */,
			);
			buildRules = (
			);
			dependencies = (
				DEC7C3D0C0884236A90900B0 /* PBXTargetDependency */,
				EAFB55D927C745E382CC4469 /* PBXTargetDependency */,
			);
			name = sdk_hosting;
			productName = sdk_hosting;
			productReference = 5F25E2D1374A4A79B42C818A /* sdk_hosting */;
			productType = "com.apple.product-type.library.static";
		};
		F0C813B5A2D3222EE1396578 /* sdk_common */ = {
			isa = PBXNativeTarget;
			buildConfigurationList = D869011F741A47F39B0B8F84 /* Build configuration list for PBXNativeTarget "sdk_common" */;
			buildPhases = (
				23AF909269F845D28E537903 /* Sources */,
				D7164F15246D44D7B8A02F0C /* Frameworks */,
			);
			buildRules = (
			);
			dependencies = (
				22F933ACF93B42919279D9E0 /* PBXTargetDependency */,
			);
			name = sdk_common;
			productName = sdk_common;
			productReference = B7FB3F040F364E988A9DBE35 /* sdk_common */;
			productType = "com.apple.product-type.library.static";
		};
/* End PBXNativeTarget section */

/* Begin PBXProject section */
		DA17B39AB43344AE8EC3FDC3 /* Project object */ = {
			isa = PBXProject;
			attributes = {
				BuildIndependentTargetsInParallel = YES;
				LastUpgradeCheck = 1620;
			};
			buildConfigurationList = 1A1AE56AF41846F7AB2927F1 /* Build configuration list for PBXProject "smtg_public_sdk" */;
			buildSettings = {
			};
			buildStyles = (
				8F747E7B1EB14F749DFEE8CB /* Debug */,
				DEBAF8710B6543439EBD1F47 /* Release */,
			);
			compatibilityVersion = "Xcode 3.2";
			hasScannedForEncodings = 0;
			mainGroup = 3355EA3188BA4655A692CE50;
			projectDirPath = /Users/hikaritsai/JS_Inflator/vst3sdk/public.sdk;
			projectRoot = "";
			targets = (
				61AAB3AAA45EF394EB1F36B7 /* ALL_BUILD */,
				63E66D5DBE13304923F4BCA8 /* sdk */,
				F0C813B5A2D3222EE1396578 /* sdk_common */,
				C3E31DE567E62992648C2A23 /* sdk_hosting */,
				DE698A9E96F6F95498E119A1 /* ZERO_CHECK */,
			);
		};
/* End PBXProject section */

/* Begin PBXShellScriptBuildPhase section */
		00D0B65D82438ECA64F5D283 /* Generate CMakeFiles/ALL_BUILD */ = {
			isa = PBXShellScriptBuildPhase;
			alwaysOutOfDate = 1;
			buildActionMask = 2147483647;
			files = (
			);
			inputPaths = (
			);
			name = "Generate CMakeFiles/ALL_BUILD";
			outputPaths = (
"/Users/hikaritsai/JS_Inflator/build-aax-dry/vst3sdk/public.sdk/CMakeFiles/ALL_BUILD"			);
			runOnlyForDeploymentPostprocessing = 0;
			shellPath = /bin/sh;
			shellScript = "set -e
if test \"$CONFIGURATION\" = \"Debug\"; then :
  cd /Users/hikaritsai/JS_Inflator/build-aax-dry/vst3sdk/public.sdk
  echo Build\\ all\\ projects
fi
if test \"$CONFIGURATION\" = \"Release\"; then :
  cd /Users/hikaritsai/JS_Inflator/build-aax-dry/vst3sdk/public.sdk
  echo Build\\ all\\ projects
fi
";
			showEnvVarsInLog = 0;
		};
		3C0110FC8322DE7E50886E21 = {
			isa = PBXShellScriptBuildPhase;
			buildActionMask = 2147483647;
			files = (
			);
			inputPaths = (
			);
			outputPaths = (
			);
			runOnlyForDeploymentPostprocessing = 0;
			shellPath = /bin/sh;
			shellScript = "# shell script goes here
exit 0";
			showEnvVarsInLog = 0;
		};
		9B50530E35CC49C82C2FACCF = {
			isa = PBXShellScriptBuildPhase;
			buildActionMask = 2147483647;
			files = (
			);
			inputPaths = (
			);
			outputPaths = (
			);
			runOnlyForDeploymentPostprocessing = 0;
			shellPath = /bin/sh;
			shellScript = "# shell script goes here
exit 0";
			showEnvVarsInLog = 0;
		};
		FCB0ACEE51BC5DC8AC271CF9 /* Generate CMakeFiles/ZERO_CHECK */ = {
			isa = PBXShellScriptBuildPhase;
			alwaysOutOfDate = 1;
			buildActionMask = 2147483647;
			files = (
			);
			inputPaths = (
			);
			name = "Generate CMakeFiles/ZERO_CHECK";
			outputPaths = (
"/Users/hikaritsai/JS_Inflator/build-aax-dry/vst3sdk/public.sdk/CMakeFiles/ZERO_CHECK"			);
			runOnlyForDeploymentPostprocessing = 0;
			shellPath = /bin/sh;
			shellScript = "set -e
if test \"$CONFIGURATION\" = \"Debug\"; then :
  cd /Users/hikaritsai/JS_Inflator/build-aax-dry/vst3sdk/public.sdk
  make -f /Users/hikaritsai/JS_Inflator/build-aax-dry/vst3sdk/public.sdk/CMakeScripts/ReRunCMake.make
fi
if test \"$CONFIGURATION\" = \"Release\"; then :
  cd /Users/hikaritsai/JS_Inflator/build-aax-dry/vst3sdk/public.sdk
  make -f /Users/hikaritsai/JS_Inflator/build-aax-dry/vst3sdk/public.sdk/CMakeScripts/ReRunCMake.make
fi
";
			showEnvVarsInLog = 0;
		};
/* End PBXShellScriptBuildPhase section */

/* Begin PBXSourcesBuildPhase section */
		23AF909269F845D28E537903 /* Sources */ = {
			isa = PBXSourcesBuildPhase;
			buildActionMask = 2147483647;
			files = (
				F5717C6660A6458AA980F624 /* /Users/hikaritsai/JS_Inflator/vst3sdk/public.sdk/source/common/commoniids.cpp */,
				E0C01726277648A6942B52FC /* /Users/hikaritsai/JS_Inflator/vst3sdk/public.sdk/source/common/commonstringconvert.cpp */,
				D19AD77CCB724C3BB9476D43 /* /Users/hikaritsai/JS_Inflator/vst3sdk/public.sdk/source/common/openurl.cpp */,
				7D54916A2D284C44BC44D8D0 /* /Users/hikaritsai/JS_Inflator/vst3sdk/public.sdk/source/common/readfile.cpp */,
				F130C0FC26524A6D94F31FF0 /* /Users/hikaritsai/JS_Inflator/vst3sdk/public.sdk/source/common/systemclipboard_linux.cpp */,
				3ADE471C535047099E1A70F9 /* /Users/hikaritsai/JS_Inflator/vst3sdk/public.sdk/source/common/systemclipboard_mac.mm */,
				1565EF8E79474445AC21EB0D /* /Users/hikaritsai/JS_Inflator/vst3sdk/public.sdk/source/common/systemclipboard_win32.cpp */,
				F7DF697521A34C0BBA0C7DAF /* /Users/hikaritsai/JS_Inflator/vst3sdk/public.sdk/source/common/threadchecker_linux.cpp */,
				F231E0897C574083B8A0C501 /* /Users/hikaritsai/JS_Inflator/vst3sdk/public.sdk/source/common/threadchecker_mac.mm */,
				0A4E3753C80A4E68AC6F4D9C /* /Users/hikaritsai/JS_Inflator/vst3sdk/public.sdk/source/common/threadchecker_win32.cpp */,
				A5EA385076DF4EFC981FA21A /* /Users/hikaritsai/JS_Inflator/vst3sdk/public.sdk/source/vst/vstpresetfile.cpp */,
			);
			runOnlyForDeploymentPostprocessing = 0;
		};
		32C4C4F688984B77AD5D8CC5 /* Sources */ = {
			isa = PBXSourcesBuildPhase;
			buildActionMask = 2147483647;
			files = (
				5E160D4F82D84C51A97D60DD /* /Users/hikaritsai/JS_Inflator/vst3sdk/public.sdk/source/vst/hosting/connectionproxy.cpp */,
				08984875937F4F13972378ED /* /Users/hikaritsai/JS_Inflator/vst3sdk/public.sdk/source/vst/hosting/eventlist.cpp */,
				F9FFEBC4B7DA479E862CBE39 /* /Users/hikaritsai/JS_Inflator/vst3sdk/public.sdk/source/vst/hosting/hostclasses.cpp */,
				CFF9D8BBC10345C991DFAEAE /* /Users/hikaritsai/JS_Inflator/vst3sdk/public.sdk/source/vst/hosting/module.cpp */,
				F2BC0C953D3F4CE0881163C3 /* /Users/hikaritsai/JS_Inflator/vst3sdk/public.sdk/source/vst/hosting/parameterchanges.cpp */,
				4D875F097A554F978C5C4FC1 /* /Users/hikaritsai/JS_Inflator/vst3sdk/public.sdk/source/vst/hosting/pluginterfacesupport.cpp */,
				03D884D1965B427CA1B3F528 /* /Users/hikaritsai/JS_Inflator/vst3sdk/public.sdk/source/vst/hosting/processdata.cpp */,
				E4F44EF38C684ADFA034292F /* /Users/hikaritsai/JS_Inflator/vst3sdk/public.sdk/source/vst/utility/stringconvert.cpp */,
				67979AD93D1E4EB1844C1E09 /* /Users/hikaritsai/JS_Inflator/vst3sdk/public.sdk/source/vst/vstinitiids.cpp */,
			);
			runOnlyForDeploymentPostprocessing = 0;
		};
		8F80AFB3AC5A4586AC3E78D1 /* Sources */ = {
			isa = PBXSourcesBuildPhase;
			buildActionMask = 2147483647;
			files = (
				AD46408B1E2142AAA7CBCBF5 /* /Users/hikaritsai/JS_Inflator/vst3sdk/public.sdk/source/common/pluginview.cpp */,
				A71C7D18272548FF94C03878 /* /Users/hikaritsai/JS_Inflator/vst3sdk/public.sdk/source/main/moduleinit.cpp */,
				9E86FE1FA87D404E9CAB7D5B /* /Users/hikaritsai/JS_Inflator/vst3sdk/public.sdk/source/main/pluginfactory.cpp */,
				32198DE1A51A480280CD8B50 /* /Users/hikaritsai/JS_Inflator/vst3sdk/public.sdk/source/vst/utility/dataexchange.cpp */,
				0176354DE35E4953A4124347 /* /Users/hikaritsai/JS_Inflator/vst3sdk/public.sdk/source/vst/utility/stringconvert.cpp */,
				47E3F09F77054AA0A3136283 /* /Users/hikaritsai/JS_Inflator/vst3sdk/public.sdk/source/vst/utility/systemtime.cpp */,
				942313F69EFC4F7283CE123A /* /Users/hikaritsai/JS_Inflator/vst3sdk/public.sdk/source/vst/utility/testing.cpp */,
				B786855871A2466DB81C3F97 /* /Users/hikaritsai/JS_Inflator/vst3sdk/public.sdk/source/vst/utility/vst2persistence.cpp */,
				0D205010B235484191B856EF /* /Users/hikaritsai/JS_Inflator/vst3sdk/public.sdk/source/vst/vstaudioeffect.cpp */,
				CDD1CEE5459148BC892C9F94 /* /Users/hikaritsai/JS_Inflator/vst3sdk/public.sdk/source/vst/vstbus.cpp */,
				EA2FA2F2D7064214AD950E8F /* /Users/hikaritsai/JS_Inflator/vst3sdk/public.sdk/source/vst/vstcomponent.cpp */,
				2F174620CADC48D2AC29A0AC /* /Users/hikaritsai/JS_Inflator/vst3sdk/public.sdk/source/vst/vstcomponentbase.cpp */,
				65413D3323F4484185D28D67 /* /Users/hikaritsai/JS_Inflator/vst3sdk/public.sdk/source/vst/vsteditcontroller.cpp */,
				0427C2B2BA1947CFB66736C9 /* /Users/hikaritsai/JS_Inflator/vst3sdk/public.sdk/source/vst/vstinitiids.cpp */,
				10379FAD714F41C08DDEBD0F /* /Users/hikaritsai/JS_Inflator/vst3sdk/public.sdk/source/vst/vstnoteexpressiontypes.cpp */,
				B02F2ACDB2A44B44A96AF144 /* /Users/hikaritsai/JS_Inflator/vst3sdk/public.sdk/source/vst/vstparameters.cpp */,
				99CA31DBEA904609B520991A /* /Users/hikaritsai/JS_Inflator/vst3sdk/public.sdk/source/vst/vstrepresentation.cpp */,
			);
			runOnlyForDeploymentPostprocessing = 0;
		};
/* End PBXSourcesBuildPhase section */

/* Begin PBXTargetDependency section */
		22F933ACF93B42919279D9E0 /* PBXTargetDependency */ = {
			isa = PBXTargetDependency;
			target = DE698A9E96F6F95498E119A1 /* ZERO_CHECK */;
			targetProxy = 06D1258BA0C54FF18E248768 /* PBXContainerItemProxy */;
		};
		51AD2E59E4884490BD7B6A84 /* PBXTargetDependency */ = {
			isa = PBXTargetDependency;
			target = DE698A9E96F6F95498E119A1 /* ZERO_CHECK */;
			targetProxy = 70C95B1BD7D54C399CF3E1C3 /* PBXContainerItemProxy */;
		};
		5590C079285E49B68C891D99 /* PBXTargetDependency */ = {
			isa = PBXTargetDependency;
			target = DE698A9E96F6F95498E119A1 /* ZERO_CHECK */;
			targetProxy = B2E554F9F0864D2FB883C3D8 /* PBXContainerItemProxy */;
		};
		615ADEBD70B64C81A6B5383D /* PBXTargetDependency */ = {
			isa = PBXTargetDependency;
			target = F0C813B5A2D3222EE1396578 /* sdk_common */;
			targetProxy = D1AE1F1375304F4485B0784D /* PBXContainerItemProxy */;
		};
		C1368AF9BC9F4E5695FD1FB2 /* PBXTargetDependency */ = {
			isa = PBXTargetDependency;
			target = 63E66D5DBE13304923F4BCA8 /* sdk */;
			targetProxy = 21861CA75F0B4F409691F72E /* PBXContainerItemProxy */;
		};
		C782A92022414AD7B80A1213 /* PBXTargetDependency */ = {
			isa = PBXTargetDependency;
			target = C3E31DE567E62992648C2A23 /* sdk_hosting */;
			targetProxy = DB9AAAAB209E482F8D207D41 /* PBXContainerItemProxy */;
		};
		D2BB371739EB42118A404551 /* PBXTargetDependency */ = {
			isa = PBXTargetDependency;
			target = F0C813B5A2D3222EE1396578 /* sdk_common */;
			targetProxy = 9DF3B8EEDE434C2591C028FD /* PBXContainerItemProxy */;
		};
		DEC7C3D0C0884236A90900B0 /* PBXTargetDependency */ = {
			isa = PBXTargetDependency;
			target = F0C813B5A2D3222EE1396578 /* sdk_common */;
			targetProxy = 2D27ED2B0CE44D3CAD018B46 /* PBXContainerItemProxy */;
		};
		EAFB55D927C745E382CC4469 /* PBXTargetDependency */ = {
			isa = PBXTargetDependency;
			target = DE698A9E96F6F95498E119A1 /* ZERO_CHECK */;
			targetProxy = BDBA28368D224A32A41AEB6C /* PBXContainerItemProxy */;
		};
/* End PBXTargetDependency section */

/* Begin XCBuildConfiguration section */
		08905B87AE1D4E7AAA52C834 /* Release */ = {
			isa = XCBuildConfiguration;
			buildSettings = {
				ALWAYS_SEARCH_USER_PATHS = NO;
				ARCHS = "$(ARCHS_STANDARD_64_BIT)";
				COMBINE_HIDPI_IMAGES = YES;
				CONFIGURATION_BUILD_DIR = "/Users/hikaritsai/JS_Inflator/build-aax-dry/lib/Release";
				EXECUTABLE_PREFIX = lib;
				EXECUTABLE_SUFFIX = .a;
				GCC_GENERATE_DEBUGGING_SYMBOLS = NO;
				GCC_INLINES_ARE_PRIVATE_EXTERN = NO;
				GCC_OPTIMIZATION_LEVEL = 3;
				GCC_PREPROCESSOR_DEFINITIONS = ("'CMAKE_INTDIR=\"$(CONFIGURATION)$(EFFECTIVE_PLATFORM_NAME)\"'","$(inherited)");
				GCC_SYMBOLS_PRIVATE_EXTERN = NO;
				HEADER_SEARCH_PATHS = (/Users/hikaritsai/JS_Inflator/vst3sdk,/Users/hikaritsai/JS_Inflator/vst3sdk/public.sdk/..,/Users/hikaritsai/JS_Inflator/vst3sdk/base/..,/Users/hikaritsai/JS_Inflator/vst3sdk/pluginterfaces/..,"$(inherited)");
				INSTALL_PATH = "";
				LIBRARY_STYLE = STATIC;
				ONLY_ACTIVE_ARCH = NO;
				OSX_ARCHITECTURES = "x86_64;arm64;arm64e";
				OTHER_CPLUSPLUSFLAGS = "    -DNDEBUG '-std=gnu++17' -fvisibility=hidden -fvisibility-inlines-hidden '-DSMTG_RENAME_ASSERT=1' -Winconsistent-missing-override '-Werror=return-type' -ffast-math '-ffp-contract=fast' '-DRELEASE=1' ";
				OTHER_LIBTOOLFLAGS = ("");
				OTHER_REZFLAGS = "";
				PRODUCT_NAME = sdk_hosting;
				SECTORDER_FLAGS = "";
				TARGET_TEMP_DIR = "/Users/hikaritsai/JS_Inflator/build-aax-dry/build/sdk_hosting.build/$(CONFIGURATION)$(EFFECTIVE_PLATFORM_NAME)";
				USE_HEADERMAP = NO;
				WARNING_CFLAGS = ("$(inherited)");
			};
			name = Release;
		};
		1046C7D77FE34FD5A2DFB873 /* Release */ = {
			isa = XCBuildConfiguration;
			buildSettings = {
				ALWAYS_SEARCH_USER_PATHS = NO;
				ARCHS = "$(ARCHS_STANDARD_64_BIT)";
				COMBINE_HIDPI_IMAGES = YES;
				CONFIGURATION_BUILD_DIR = "/Users/hikaritsai/JS_Inflator/build-aax-dry/lib/Release";
				EXECUTABLE_PREFIX = lib;
				EXECUTABLE_SUFFIX = .a;
				GCC_GENERATE_DEBUGGING_SYMBOLS = NO;
				GCC_INLINES_ARE_PRIVATE_EXTERN = NO;
				GCC_OPTIMIZATION_LEVEL = 3;
				GCC_PREPROCESSOR_DEFINITIONS = ("'CMAKE_INTDIR=\"$(CONFIGURATION)$(EFFECTIVE_PLATFORM_NAME)\"'","$(inherited)");
				GCC_SYMBOLS_PRIVATE_EXTERN = NO;
				HEADER_SEARCH_PATHS = (/Users/hikaritsai/JS_Inflator/vst3sdk,/Users/hikaritsai/JS_Inflator/vst3sdk/public.sdk/..,/Users/hikaritsai/JS_Inflator/vst3sdk/base/..,/Users/hikaritsai/JS_Inflator/vst3sdk/pluginterfaces/..,"$(inherited)");
				INSTALL_PATH = "";
				LIBRARY_STYLE = STATIC;
				ONLY_ACTIVE_ARCH = NO;
				OSX_ARCHITECTURES = "x86_64;arm64;arm64e";
				OTHER_CPLUSPLUSFLAGS = "    -DNDEBUG '-std=gnu++17' -fvisibility=hidden -fvisibility-inlines-hidden '-DSMTG_RENAME_ASSERT=1' -Winconsistent-missing-override '-Werror=return-type' -ffast-math '-ffp-contract=fast' '-DRELEASE=1' ";
				OTHER_LIBTOOLFLAGS = ("");
				OTHER_REZFLAGS = "";
				PRODUCT_NAME = sdk_common;
				SECTORDER_FLAGS = "";
				TARGET_TEMP_DIR = "/Users/hikaritsai/JS_Inflator/build-aax-dry/build/sdk_common.build/$(CONFIGURATION)$(EFFECTIVE_PLATFORM_NAME)";
				USE_HEADERMAP = NO;
				WARNING_CFLAGS = ("$(inherited)");
			};
			name = Release;
		};
		125022E2FCEA43249C4D6C7C /* Release */ = {
			isa = XCBuildConfiguration;
			buildSettings = {
				ALWAYS_SEARCH_USER_PATHS = NO;
				ARCHS = arm64;
				COMBINE_HIDPI_IMAGES = YES;
				GCC_GENERATE_DEBUGGING_SYMBOLS = YES;
				GCC_INLINES_ARE_PRIVATE_EXTERN = NO;
				GCC_OPTIMIZATION_LEVEL = 0;
				GCC_PREPROCESSOR_DEFINITIONS = ("'CMAKE_INTDIR=\"$(CONFIGURATION)$(EFFECTIVE_PLATFORM_NAME)\"'","$(inherited)");
				GCC_SYMBOLS_PRIVATE_EXTERN = NO;
				INSTALL_PATH = "";
				ONLY_ACTIVE_ARCH = NO;
				OTHER_LDFLAGS = ("","$(inherited)");
				OTHER_REZFLAGS = "";
				PRODUCT_NAME = ZERO_CHECK;
				SECTORDER_FLAGS = "";
				USE_HEADERMAP = NO;
				WARNING_CFLAGS = ("$(inherited)");
			};
			name = Release;
		};
		128BEC8524E04973A638C433 /* Debug */ = {
			isa = XCBuildConfiguration;
			buildSettings = {
				ALWAYS_SEARCH_USER_PATHS = NO;
				ARCHS = arm64;
				COMBINE_HIDPI_IMAGES = YES;
				GCC_GENERATE_DEBUGGING_SYMBOLS = YES;
				GCC_INLINES_ARE_PRIVATE_EXTERN = NO;
				GCC_OPTIMIZATION_LEVEL = 0;
				GCC_PREPROCESSOR_DEFINITIONS = ("'CMAKE_INTDIR=\"$(CONFIGURATION)$(EFFECTIVE_PLATFORM_NAME)\"'","$(inherited)");
				GCC_SYMBOLS_PRIVATE_EXTERN = NO;
				INSTALL_PATH = "";
				ONLY_ACTIVE_ARCH = NO;
				OTHER_LDFLAGS = ("","$(inherited)");
				OTHER_REZFLAGS = "";
				PRODUCT_NAME = ALL_BUILD;
				SECTORDER_FLAGS = "";
				USE_HEADERMAP = NO;
				WARNING_CFLAGS = ("$(inherited)");
			};
			name = Debug;
		};
		22312E38FB3F42E09D234B35 /* Debug */ = {
			isa = XCBuildConfiguration;
			buildSettings = {
				ALWAYS_SEARCH_USER_PATHS = NO;
				ARCHS = "$(ARCHS_STANDARD_64_BIT)";
				COMBINE_HIDPI_IMAGES = YES;
				CONFIGURATION_BUILD_DIR = "/Users/hikaritsai/JS_Inflator/build-aax-dry/lib/Debug";
				EXECUTABLE_PREFIX = lib;
				EXECUTABLE_SUFFIX = .a;
				GCC_GENERATE_DEBUGGING_SYMBOLS = YES;
				GCC_INLINES_ARE_PRIVATE_EXTERN = NO;
				GCC_OPTIMIZATION_LEVEL = 0;
				GCC_PREPROCESSOR_DEFINITIONS = ("'CMAKE_INTDIR=\"$(CONFIGURATION)$(EFFECTIVE_PLATFORM_NAME)\"'","$(inherited)");
				GCC_SYMBOLS_PRIVATE_EXTERN = NO;
				HEADER_SEARCH_PATHS = (/Users/hikaritsai/JS_Inflator/vst3sdk,/Users/hikaritsai/JS_Inflator/vst3sdk/public.sdk/..,/Users/hikaritsai/JS_Inflator/vst3sdk/base/..,/Users/hikaritsai/JS_Inflator/vst3sdk/pluginterfaces/..,"$(inherited)");
				INSTALL_PATH = "";
				LIBRARY_STYLE = STATIC;
				ONLY_ACTIVE_ARCH = YES;
				OSX_ARCHITECTURES = "x86_64;arm64;arm64e";
				OTHER_CPLUSPLUSFLAGS = "   '-std=gnu++17' -fvisibility=hidden -fvisibility-inlines-hidden '-DSMTG_RENAME_ASSERT=1' -Winconsistent-missing-override '-Werror=return-type' -ffast-math '-ffp-contract=fast' '-DDEVELOPMENT=1' ";
				OTHER_LIBTOOLFLAGS = ("");
				OTHER_REZFLAGS = "";
				PRODUCT_NAME = sdk;
				SECTORDER_FLAGS = "";
				TARGET_TEMP_DIR = "/Users/hikaritsai/JS_Inflator/build-aax-dry/build/sdk.build/$(CONFIGURATION)$(EFFECTIVE_PLATFORM_NAME)";
				USE_HEADERMAP = NO;
				WARNING_CFLAGS = ("$(inherited)");
			};
			name = Debug;
		};
		46B50E3B8E2B429FA4B82B82 /* Release */ = {
			isa = XCBuildConfiguration;
			buildSettings = {
				ALWAYS_SEARCH_USER_PATHS = NO;
				ARCHS = arm64;
				COMBINE_HIDPI_IMAGES = YES;
				GCC_GENERATE_DEBUGGING_SYMBOLS = YES;
				GCC_INLINES_ARE_PRIVATE_EXTERN = NO;
				GCC_OPTIMIZATION_LEVEL = 0;
				GCC_PREPROCESSOR_DEFINITIONS = ("'CMAKE_INTDIR=\"$(CONFIGURATION)$(EFFECTIVE_PLATFORM_NAME)\"'","$(inherited)");
				GCC_SYMBOLS_PRIVATE_EXTERN = NO;
				INSTALL_PATH = "";
				ONLY_ACTIVE_ARCH = NO;
				OTHER_LDFLAGS = ("","$(inherited)");
				OTHER_REZFLAGS = "";
				PRODUCT_NAME = ALL_BUILD;
				SECTORDER_FLAGS = "";
				USE_HEADERMAP = NO;
				WARNING_CFLAGS = ("$(inherited)");
			};
			name = Release;
		};
		560E3777B64D43F18E0057CD /* Release */ = {
			isa = XCBuildConfiguration;
			buildSettings = {
				ARCHS = arm64;
				CLANG_CXX_LIBRARY = "libc++";
				MACOSX_DEPLOYMENT_TARGET = 10.11;
				SDKROOT = /Applications/Xcode.app/Contents/Developer/Platforms/MacOSX.platform/Developer/SDKs/MacOSX15.2.sdk;
				SWIFT_COMPILATION_MODE = wholemodule;
				SYMROOT = "/Users/hikaritsai/JS_Inflator/build-aax-dry/build";
			};
			name = Release;
		};
		6618EB93103E4CAD8646EBF6 /* Debug */ = {
			isa = XCBuildConfiguration;
			buildSettings = {
				ALWAYS_SEARCH_USER_PATHS = NO;
				ARCHS = "$(ARCHS_STANDARD_64_BIT)";
				COMBINE_HIDPI_IMAGES = YES;
				CONFIGURATION_BUILD_DIR = "/Users/hikaritsai/JS_Inflator/build-aax-dry/lib/Debug";
				EXECUTABLE_PREFIX = lib;
				EXECUTABLE_SUFFIX = .a;
				GCC_GENERATE_DEBUGGING_SYMBOLS = YES;
				GCC_INLINES_ARE_PRIVATE_EXTERN = NO;
				GCC_OPTIMIZATION_LEVEL = 0;
				GCC_PREPROCESSOR_DEFINITIONS = ("'CMAKE_INTDIR=\"$(CONFIGURATION)$(EFFECTIVE_PLATFORM_NAME)\"'","$(inherited)");
				GCC_SYMBOLS_PRIVATE_EXTERN = NO;
				HEADER_SEARCH_PATHS = (/Users/hikaritsai/JS_Inflator/vst3sdk,/Users/hikaritsai/JS_Inflator/vst3sdk/public.sdk/..,/Users/hikaritsai/JS_Inflator/vst3sdk/base/..,/Users/hikaritsai/JS_Inflator/vst3sdk/pluginterfaces/..,"$(inherited)");
				INSTALL_PATH = "";
				LIBRARY_STYLE = STATIC;
				ONLY_ACTIVE_ARCH = YES;
				OSX_ARCHITECTURES = "x86_64;arm64;arm64e";
				OTHER_CPLUSPLUSFLAGS = "   '-std=gnu++17' -fvisibility=hidden -fvisibility-inlines-hidden '-DSMTG_RENAME_ASSERT=1' -Winconsistent-missing-override '-Werror=return-type' -ffast-math '-ffp-contract=fast' '-DDEVELOPMENT=1' ";
				OTHER_LIBTOOLFLAGS = ("");
				OTHER_REZFLAGS = "";
				PRODUCT_NAME = sdk_hosting;
				SECTORDER_FLAGS = "";
				TARGET_TEMP_DIR = "/Users/hikaritsai/JS_Inflator/build-aax-dry/build/sdk_hosting.build/$(CONFIGURATION)$(EFFECTIVE_PLATFORM_NAME)";
				USE_HEADERMAP = NO;
				WARNING_CFLAGS = ("$(inherited)");
			};
			name = Debug;
		};
		662B842EB6564E7D85A3596C /* Debug */ = {
			isa = XCBuildConfiguration;
			buildSettings = {
				ARCHS = arm64;
				CLANG_CXX_LIBRARY = "libc++";
				MACOSX_DEPLOYMENT_TARGET = 10.11;
				SDKROOT = /Applications/Xcode.app/Contents/Developer/Platforms/MacOSX.platform/Developer/SDKs/MacOSX15.2.sdk;
				SYMROOT = "/Users/hikaritsai/JS_Inflator/build-aax-dry/build";
			};
			name = Debug;
		};
		ADFF47E9B06C4D6A8BAC5310 /* Release */ = {
			isa = XCBuildConfiguration;
			buildSettings = {
				ALWAYS_SEARCH_USER_PATHS = NO;
				ARCHS = "$(ARCHS_STANDARD_64_BIT)";
				COMBINE_HIDPI_IMAGES = YES;
				CONFIGURATION_BUILD_DIR = "/Users/hikaritsai/JS_Inflator/build-aax-dry/lib/Release";
				EXECUTABLE_PREFIX = lib;
				EXECUTABLE_SUFFIX = .a;
				GCC_GENERATE_DEBUGGING_SYMBOLS = NO;
				GCC_INLINES_ARE_PRIVATE_EXTERN = NO;
				GCC_OPTIMIZATION_LEVEL = 3;
				GCC_PREPROCESSOR_DEFINITIONS = ("'CMAKE_INTDIR=\"$(CONFIGURATION)$(EFFECTIVE_PLATFORM_NAME)\"'","$(inherited)");
				GCC_SYMBOLS_PRIVATE_EXTERN = NO;
				HEADER_SEARCH_PATHS = (/Users/hikaritsai/JS_Inflator/vst3sdk,/Users/hikaritsai/JS_Inflator/vst3sdk/public.sdk/..,/Users/hikaritsai/JS_Inflator/vst3sdk/base/..,/Users/hikaritsai/JS_Inflator/vst3sdk/pluginterfaces/..,"$(inherited)");
				INSTALL_PATH = "";
				LIBRARY_STYLE = STATIC;
				ONLY_ACTIVE_ARCH = NO;
				OSX_ARCHITECTURES = "x86_64;arm64;arm64e";
				OTHER_CPLUSPLUSFLAGS = "    -DNDEBUG '-std=gnu++17' -fvisibility=hidden -fvisibility-inlines-hidden '-DSMTG_RENAME_ASSERT=1' -Winconsistent-missing-override '-Werror=return-type' -ffast-math '-ffp-contract=fast' '-DRELEASE=1' ";
				OTHER_LIBTOOLFLAGS = ("");
				OTHER_REZFLAGS = "";
				PRODUCT_NAME = sdk;
				SECTORDER_FLAGS = "";
				TARGET_TEMP_DIR = "/Users/hikaritsai/JS_Inflator/build-aax-dry/build/sdk.build/$(CONFIGURATION)$(EFFECTIVE_PLATFORM_NAME)";
				USE_HEADERMAP = NO;
				WARNING_CFLAGS = ("$(inherited)");
			};
			name = Release;
		};
		C147FE0F3CE140C29FAC3906 /* Debug */ = {
			isa = XCBuildConfiguration;
			buildSettings = {
				ALWAYS_SEARCH_USER_PATHS = NO;
				ARCHS = "$(ARCHS_STANDARD_64_BIT)";
				COMBINE_HIDPI_IMAGES = YES;
				CONFIGURATION_BUILD_DIR = "/Users/hikaritsai/JS_Inflator/build-aax-dry/lib/Debug";
				EXECUTABLE_PREFIX = lib;
				EXECUTABLE_SUFFIX = .a;
				GCC_GENERATE_DEBUGGING_SYMBOLS = YES;
				GCC_INLINES_ARE_PRIVATE_EXTERN = NO;
				GCC_OPTIMIZATION_LEVEL = 0;
				GCC_PREPROCESSOR_DEFINITIONS = ("'CMAKE_INTDIR=\"$(CONFIGURATION)$(EFFECTIVE_PLATFORM_NAME)\"'","$(inherited)");
				GCC_SYMBOLS_PRIVATE_EXTERN = NO;
				HEADER_SEARCH_PATHS = (/Users/hikaritsai/JS_Inflator/vst3sdk,/Users/hikaritsai/JS_Inflator/vst3sdk/public.sdk/..,/Users/hikaritsai/JS_Inflator/vst3sdk/base/..,/Users/hikaritsai/JS_Inflator/vst3sdk/pluginterfaces/..,"$(inherited)");
				INSTALL_PATH = "";
				LIBRARY_STYLE = STATIC;
				ONLY_ACTIVE_ARCH = YES;
				OSX_ARCHITECTURES = "x86_64;arm64;arm64e";
				OTHER_CPLUSPLUSFLAGS = "   '-std=gnu++17' -fvisibility=hidden -fvisibility-inlines-hidden '-DSMTG_RENAME_ASSERT=1' -Winconsistent-missing-override '-Werror=return-type' -ffast-math '-ffp-contract=fast' '-DDEVELOPMENT=1' ";
				OTHER_LIBTOOLFLAGS = ("");
				OTHER_REZFLAGS = "";
				PRODUCT_NAME = sdk_common;
				SECTORDER_FLAGS = "";
				TARGET_TEMP_DIR = "/Users/hikaritsai/JS_Inflator/build-aax-dry/build/sdk_common.build/$(CONFIGURATION)$(EFFECTIVE_PLATFORM_NAME)";
				USE_HEADERMAP = NO;
				WARNING_CFLAGS = ("$(inherited)");
			};
			name = Debug;
		};
		E50C38FFCF6F41D7BA33112D /* Debug */ = {
			isa = XCBuildConfiguration;
			buildSettings = {
				ALWAYS_SEARCH_USER_PATHS = NO;
				ARCHS = arm64;
				COMBINE_HIDPI_IMAGES = YES;
				GCC_GENERATE_DEBUGGING_SYMBOLS = YES;
				GCC_INLINES_ARE_PRIVATE_EXTERN = NO;
				GCC_OPTIMIZATION_LEVEL = 0;
				GCC_PREPROCESSOR_DEFINITIONS = ("'CMAKE_INTDIR=\"$(CONFIGURATION)$(EFFECTIVE_PLATFORM_NAME)\"'","$(inherited)");
				GCC_SYMBOLS_PRIVATE_EXTERN = NO;
				INSTALL_PATH = "";
				ONLY_ACTIVE_ARCH = NO;
				OTHER_LDFLAGS = ("","$(inherited)");
				OTHER_REZFLAGS = "";
				PRODUCT_NAME = ZERO_CHECK;
				SECTORDER_FLAGS = "";
				USE_HEADERMAP = NO;
				WARNING_CFLAGS = ("$(inherited)");
			};
			name = Debug;
		};
/* End XCBuildConfiguration section */

/* Begin XCConfigurationList section */
		1A1AE56AF41846F7AB2927F1 /* Build configuration list for PBXProject "smtg_public_sdk" */ = {
			isa = XCConfigurationList;
			buildConfigurations = (
				662B842EB6564E7D85A3596C /* Debug */,
				560E3777B64D43F18E0057CD /* Release */,
			);
			defaultConfigurationIsVisible = 0;
			defaultConfigurationName = Debug;
		};
		44B081BDDD1D4860A7123577 /* Build configuration list for PBXAggregateTarget "ZERO_CHECK" */ = {
			isa = XCConfigurationList;
			buildConfigurations = (
				E50C38FFCF6F41D7BA33112D /* Debug */,
				125022E2FCEA43249C4D6C7C /* Release */,
			);
			defaultConfigurationIsVisible = 0;
			defaultConfigurationName = Debug;
		};
		7DAD4147148F43418B084B70 /* Build configuration list for PBXAggregateTarget "ALL_BUILD" */ = {
			isa = XCConfigurationList;
			buildConfigurations = (
				128BEC8524E04973A638C433 /* Debug */,
				46B50E3B8E2B429FA4B82B82 /* Release */,
			);
			defaultConfigurationIsVisible = 0;
			defaultConfigurationName = Debug;
		};
		B1FC9B37F5C242239B24F692 /* Build configuration list for PBXNativeTarget "sdk_hosting" */ = {
			isa = XCConfigurationList;
			buildConfigurations = (
				6618EB93103E4CAD8646EBF6 /* Debug */,
				08905B87AE1D4E7AAA52C834 /* Release */,
			);
			defaultConfigurationIsVisible = 0;
			defaultConfigurationName = Debug;
		};
		D869011F741A47F39B0B8F84 /* Build configuration list for PBXNativeTarget "sdk_common" */ = {
			isa = XCConfigurationList;
			buildConfigurations = (
				C147FE0F3CE140C29FAC3906 /* Debug */,
				1046C7D77FE34FD5A2DFB873 /* Release */,
			);
			defaultConfigurationIsVisible = 0;
			defaultConfigurationName = Debug;
		};
		EF3BD5237BD946AB916AE96E /* Build configuration list for PBXNativeTarget "sdk" */ = {
			isa = XCConfigurationList;
			buildConfigurations = (
				22312E38FB3F42E09D234B35 /* Debug */,
				ADFF47E9B06C4D6A8BAC5310 /* Release */,
			);
			defaultConfigurationIsVisible = 0;
			defaultConfigurationName = Debug;
		};
/* End XCConfigurationList section */
	};
	rootObject = DA17B39AB43344AE8EC3FDC3 /* Project object */;
}
